// !$*UTF8*$!
{
	archiveVersion = 1;
	classes = {
	};
	objectVersion = 46;
	objects = {

/* Begin PBXBuildFile section */
		0C0B4D1F1E2E788B00589526 /* GEOCountryAdministrationData.swift in Sources */ = {isa = PBXBuildFile; fileRef = 0C0B4D1E1E2E788B00589526 /* GEOCountryAdministrationData.swift */; };
		0C0B4D351E2E789E00589526 /* GEOCountryEconomicData.swift in Sources */ = {isa = PBXBuildFile; fileRef = 0C0B4D341E2E789E00589526 /* GEOCountryEconomicData.swift */; };
		0C0B4D391E2EC7AA00589526 /* GEOCurrencies.swift in Sources */ = {isa = PBXBuildFile; fileRef = 0C0B4D381E2EC7AA00589526 /* GEOCurrencies.swift */; };
		0C0B4D3B1E2ECAE800589526 /* GEOCapitalCityRequest.swift in Sources */ = {isa = PBXBuildFile; fileRef = 0C0B4D3A1E2ECAE800589526 /* GEOCapitalCityRequest.swift */; };
		0C0B4D3D1E2F754900589526 /* GEOCity.swift in Sources */ = {isa = PBXBuildFile; fileRef = 0C0B4D3C1E2F754900589526 /* GEOCity.swift */; };
		0C0B4D411E2F773100589526 /* GEOTimezoneRequest.swift in Sources */ = {isa = PBXBuildFile; fileRef = 0C0B4D401E2F773100589526 /* GEOTimezoneRequest.swift */; };
		0C0B4D431E2F774400589526 /* GEOTimezone.swift in Sources */ = {isa = PBXBuildFile; fileRef = 0C0B4D421E2F774400589526 /* GEOTimezone.swift */; };
		0C0B4D451E2F7D2C00589526 /* GEOCountryDetailsViewModel.swift in Sources */ = {isa = PBXBuildFile; fileRef = 0C0B4D441E2F7D2C00589526 /* GEOCountryDetailsViewModel.swift */; };
		0C0B4D471E2F7D5F00589526 /* GEOCountryDetailsViewController.swift in Sources */ = {isa = PBXBuildFile; fileRef = 0C0B4D461E2F7D5F00589526 /* GEOCountryDetailsViewController.swift */; };
		0C0BDCED181F819B00E36E70 /* QuartzCore.framework in Frameworks */ = {isa = PBXBuildFile; fileRef = 0C0BDCEC181F819B00E36E70 /* QuartzCore.framework */; };
		0C14C6A91DA90FFC000049D6 /* UIImage+Additions.swift in Sources */ = {isa = PBXBuildFile; fileRef = 0C14C6A81DA90FFC000049D6 /* UIImage+Additions.swift */; };
		0C18B60B19D4A9430064F1C6 /* Images.xcassets in Resources */ = {isa = PBXBuildFile; fileRef = 0C18B60A19D4A9430064F1C6 /* Images.xcassets */; };
		0C1EB99E182096BF0093453C /* bandanaflag.jpg in Resources */ = {isa = PBXBuildFile; fileRef = 0C1EB99D182096BF0093453C /* bandanaflag.jpg */; };
		0C23A3F11AD87D3B0023A5DD /* AboutCountry.plist in Resources */ = {isa = PBXBuildFile; fileRef = 0C23A3F01AD87D3B0023A5DD /* AboutCountry.plist */; };
		0C23A3F31AD93C400023A5DD /* RKCountryMoreInfo.swift in Sources */ = {isa = PBXBuildFile; fileRef = 0C23A3F21AD93C400023A5DD /* RKCountryMoreInfo.swift */; };
		0C29A4DD1E2CD8D500CDE02A /* GEOCountry.swift in Sources */ = {isa = PBXBuildFile; fileRef = 0C29A4DC1E2CD8D500CDE02A /* GEOCountry.swift */; };
		0C29A4E11E2CE53200CDE02A /* GEOHTTPClient.swift in Sources */ = {isa = PBXBuildFile; fileRef = 0C29A4E01E2CE53200CDE02A /* GEOHTTPClient.swift */; };
		0C29A5241E2D133700CDE02A /* GEOMainViewController.swift in Sources */ = {isa = PBXBuildFile; fileRef = 0C29A5231E2D133700CDE02A /* GEOMainViewController.swift */; };
		0C29A52B1E2D19D500CDE02A /* M13ProgressView.m in Sources */ = {isa = PBXBuildFile; fileRef = 0C29A5281E2D19D500CDE02A /* M13ProgressView.m */; };
		0C29A52C1E2D19D500CDE02A /* M13ProgressViewRing.m in Sources */ = {isa = PBXBuildFile; fileRef = 0C29A52A1E2D19D500CDE02A /* M13ProgressViewRing.m */; };
		0C29A52E1E2D1A4500CDE02A /* M13ProgressViewRing+GEOAdditions.swift in Sources */ = {isa = PBXBuildFile; fileRef = 0C29A52D1E2D1A4500CDE02A /* M13ProgressViewRing+GEOAdditions.swift */; };
		0C31017A19D0E1E600AEF44E /* RKGSplashScreenViewController.m in Sources */ = {isa = PBXBuildFile; fileRef = 0C31017919D0E1E600AEF44E /* RKGSplashScreenViewController.m */; };
		0C34C52E1AD2BF2100560DCE /* NSNumber+RKGeonames.swift in Sources */ = {isa = PBXBuildFile; fileRef = 0C34C52D1AD2BF2100560DCE /* NSNumber+RKGeonames.swift */; };
		0C34C5361AD4033400560DCE /* UINavigationItem+RKGeonames.m in Sources */ = {isa = PBXBuildFile; fileRef = 0C34C5351AD4033400560DCE /* UINavigationItem+RKGeonames.m */; };
		0C34C5391AD4049400560DCE /* UINavigationItem+iOSSpacing.m in Sources */ = {isa = PBXBuildFile; fileRef = 0C34C5381AD4049400560DCE /* UINavigationItem+iOSSpacing.m */; };
		0C38ADA11ACC5E0E0098CB08 /* SideBarMenu.swift in Sources */ = {isa = PBXBuildFile; fileRef = 0C38AD9F1ACC5E0E0098CB08 /* SideBarMenu.swift */; };
		0C38ADA21ACC5E0E0098CB08 /* SideBarMenuTableViewController.swift in Sources */ = {isa = PBXBuildFile; fileRef = 0C38ADA01ACC5E0E0098CB08 /* SideBarMenuTableViewController.swift */; };
		0C38ADA91ACEDD640098CB08 /* NSDate+RKGeonames.swift in Sources */ = {isa = PBXBuildFile; fileRef = 0C38ADA81ACEDD640098CB08 /* NSDate+RKGeonames.swift */; };
		0C3AC44E1AD57D9400669220 /* Launch Screen.xib in Resources */ = {isa = PBXBuildFile; fileRef = 0C3AC44D1AD57D9400669220 /* Launch Screen.xib */; };
		0C4FA10A17744BB800A48BA0 /* UIKit.framework in Frameworks */ = {isa = PBXBuildFile; fileRef = 0C4FA10917744BB800A48BA0 /* UIKit.framework */; };
		0C4FA10C17744BB800A48BA0 /* Foundation.framework in Frameworks */ = {isa = PBXBuildFile; fileRef = 0C4FA10B17744BB800A48BA0 /* Foundation.framework */; };
		0C4FA10E17744BB800A48BA0 /* CoreGraphics.framework in Frameworks */ = {isa = PBXBuildFile; fileRef = 0C4FA10D17744BB800A48BA0 /* CoreGraphics.framework */; };
		0C4FA11417744BB800A48BA0 /* InfoPlist.strings in Resources */ = {isa = PBXBuildFile; fileRef = 0C4FA11217744BB800A48BA0 /* InfoPlist.strings */; };
		0C4FA11C17744BB800A48BA0 /* Default.png in Resources */ = {isa = PBXBuildFile; fileRef = 0C4FA11B17744BB800A48BA0 /* Default.png */; };
		0C4FA11E17744BB800A48BA0 /* Default@2x.png in Resources */ = {isa = PBXBuildFile; fileRef = 0C4FA11D17744BB800A48BA0 /* Default@2x.png */; };
		0C4FA12017744BB800A48BA0 /* Default-568h@2x.png in Resources */ = {isa = PBXBuildFile; fileRef = 0C4FA11F17744BB800A48BA0 /* Default-568h@2x.png */; };
		0C4FA12317744BB800A48BA0 /* MainStoryboard.storyboard in Resources */ = {isa = PBXBuildFile; fileRef = 0C4FA12117744BB800A48BA0 /* MainStoryboard.storyboard */; };
		0C63D37A1E30C53400F9A5D4 /* GEOCountryMapViewRequest.swift in Sources */ = {isa = PBXBuildFile; fileRef = 0C63D3791E30C53400F9A5D4 /* GEOCountryMapViewRequest.swift */; };
		0C63D3871E30FD3900F9A5D4 /* GEOCountryFlags.swift in Sources */ = {isa = PBXBuildFile; fileRef = 0C63D3861E30FD3900F9A5D4 /* GEOCountryFlags.swift */; };
		0C63D3891E3215CE00F9A5D4 /* AppDelegate.swift in Sources */ = {isa = PBXBuildFile; fileRef = 0C63D3881E3215CD00F9A5D4 /* AppDelegate.swift */; };
		0C63D38B1E3217F000F9A5D4 /* main.swift in Sources */ = {isa = PBXBuildFile; fileRef = 0C63D38A1E3217F000F9A5D4 /* main.swift */; };
		0C65ADB41DB6BD62000098B0 /* Currencies.plist in Resources */ = {isa = PBXBuildFile; fileRef = 0C65ADB31DB6BD62000098B0 /* Currencies.plist */; };
		0C66B41F1C4942FA001D4BDF /* UITableViewCell+SideBarMenu.swift in Sources */ = {isa = PBXBuildFile; fileRef = 0C66B41E1C4942FA001D4BDF /* UITableViewCell+SideBarMenu.swift */; };
		0C66B4211C4A3C4B001D4BDF /* SideBarMenuAnimator.swift in Sources */ = {isa = PBXBuildFile; fileRef = 0C66B4201C4A3C4B001D4BDF /* SideBarMenuAnimator.swift */; };
		0C69CE2C177C854A00951ADA /* world-map.png in Resources */ = {isa = PBXBuildFile; fileRef = 0C69CE29177C854A00951ADA /* world-map.png */; };
		0C98C9101E2D6747000F410C /* GEOWorldBankIndicator.swift in Sources */ = {isa = PBXBuildFile; fileRef = 0C98C90E1E2D6747000F410C /* GEOWorldBankIndicator.swift */; };
		0C98C9111E2D6747000F410C /* GEOWorldBankIndicatorRequest.swift in Sources */ = {isa = PBXBuildFile; fileRef = 0C98C90F1E2D6747000F410C /* GEOWorldBankIndicatorRequest.swift */; };
		0C98C9191E2E2053000F410C /* GEOCountryDomainData.swift in Sources */ = {isa = PBXBuildFile; fileRef = 0C98C9181E2E2053000F410C /* GEOCountryDomainData.swift */; };
		0C98C91B1E2E20C0000F410C /* GEOCountryDemographicData.swift in Sources */ = {isa = PBXBuildFile; fileRef = 0C98C91A1E2E20C0000F410C /* GEOCountryDemographicData.swift */; };
		0CD8A0FA1A0CEF55004D4801 /* RKGWebView.m in Sources */ = {isa = PBXBuildFile; fileRef = 0CD8A0F91A0CEF55004D4801 /* RKGWebView.m */; };
		0CD9783E1856BEBE00838DBF /* Foundation.framework in Frameworks */ = {isa = PBXBuildFile; fileRef = 0C4FA10B17744BB800A48BA0 /* Foundation.framework */; };
		0CD9783F1856BEBE00838DBF /* CoreGraphics.framework in Frameworks */ = {isa = PBXBuildFile; fileRef = 0C4FA10D17744BB800A48BA0 /* CoreGraphics.framework */; };
		0CD978401856BEBE00838DBF /* UIKit.framework in Frameworks */ = {isa = PBXBuildFile; fileRef = 0C4FA10917744BB800A48BA0 /* UIKit.framework */; };
		0CD978461856BEBE00838DBF /* InfoPlist.strings in Resources */ = {isa = PBXBuildFile; fileRef = 0CD978441856BEBE00838DBF /* InfoPlist.strings */; };
		0CD978481856BEBE00838DBF /* main.m in Sources */ = {isa = PBXBuildFile; fileRef = 0CD978471856BEBE00838DBF /* main.m */; };
		0CD9786C1856BFD900838DBF /* RKGeonamesAPITests.m in Sources */ = {isa = PBXBuildFile; fileRef = 0CD9786B1856BFD900838DBF /* RKGeonamesAPITests.m */; };
		0CE4BE3A1888DAB6008EB49A /* CoreData.framework in Frameworks */ = {isa = PBXBuildFile; fileRef = 0CE4BE391888DAB6008EB49A /* CoreData.framework */; };
		0CF9B8D01E324342003B925F /* GEOMainTableViewCell.swift in Sources */ = {isa = PBXBuildFile; fileRef = 0CF9B8CF1E324342003B925F /* GEOMainTableViewCell.swift */; };
		0CF9B8D91E3253DD003B925F /* GEOCountryFlagRequest.swift in Sources */ = {isa = PBXBuildFile; fileRef = 0CF9B8D81E3253DD003B925F /* GEOCountryFlagRequest.swift */; };
		0CFE39211AD9791F000B641C /* RKGCountryMoreInfoViewController.swift in Sources */ = {isa = PBXBuildFile; fileRef = 0CFE39201AD9791F000B641C /* RKGCountryMoreInfoViewController.swift */; };
		0CFE39241ADBC0B9000B641C /* RKCountryDetailsViewControllerTests.swift in Sources */ = {isa = PBXBuildFile; fileRef = 0CFE39231ADBC0B9000B641C /* RKCountryDetailsViewControllerTests.swift */; };
		0CFE39271ADBC195000B641C /* RKGeonamesTests-Info.plist in Resources */ = {isa = PBXBuildFile; fileRef = 0CD978431856BEBE00838DBF /* RKGeonamesTests-Info.plist */; };
		A042268B468329754B37D2BA /* Pods_RKGeonames.framework in Frameworks */ = {isa = PBXBuildFile; fileRef = 4C19537756880B8F0649FAA7 /* Pods_RKGeonames.framework */; };
/* End PBXBuildFile section */

/* Begin PBXFileReference section */
		0C0B4D1E1E2E788B00589526 /* GEOCountryAdministrationData.swift */ = {isa = PBXFileReference; fileEncoding = 4; lastKnownFileType = sourcecode.swift; path = GEOCountryAdministrationData.swift; sourceTree = "<group>"; };
		0C0B4D341E2E789E00589526 /* GEOCountryEconomicData.swift */ = {isa = PBXFileReference; fileEncoding = 4; lastKnownFileType = sourcecode.swift; path = GEOCountryEconomicData.swift; sourceTree = "<group>"; };
		0C0B4D381E2EC7AA00589526 /* GEOCurrencies.swift */ = {isa = PBXFileReference; fileEncoding = 4; lastKnownFileType = sourcecode.swift; path = GEOCurrencies.swift; sourceTree = "<group>"; };
		0C0B4D3A1E2ECAE800589526 /* GEOCapitalCityRequest.swift */ = {isa = PBXFileReference; fileEncoding = 4; lastKnownFileType = sourcecode.swift; path = GEOCapitalCityRequest.swift; sourceTree = "<group>"; };
		0C0B4D3C1E2F754900589526 /* GEOCity.swift */ = {isa = PBXFileReference; fileEncoding = 4; lastKnownFileType = sourcecode.swift; path = GEOCity.swift; sourceTree = "<group>"; };
		0C0B4D401E2F773100589526 /* GEOTimezoneRequest.swift */ = {isa = PBXFileReference; fileEncoding = 4; lastKnownFileType = sourcecode.swift; path = GEOTimezoneRequest.swift; sourceTree = "<group>"; };
		0C0B4D421E2F774400589526 /* GEOTimezone.swift */ = {isa = PBXFileReference; fileEncoding = 4; lastKnownFileType = sourcecode.swift; path = GEOTimezone.swift; sourceTree = "<group>"; };
		0C0B4D441E2F7D2C00589526 /* GEOCountryDetailsViewModel.swift */ = {isa = PBXFileReference; fileEncoding = 4; lastKnownFileType = sourcecode.swift; path = GEOCountryDetailsViewModel.swift; sourceTree = "<group>"; };
		0C0B4D461E2F7D5F00589526 /* GEOCountryDetailsViewController.swift */ = {isa = PBXFileReference; fileEncoding = 4; lastKnownFileType = sourcecode.swift; path = GEOCountryDetailsViewController.swift; sourceTree = "<group>"; };
		0C0BDCEC181F819B00E36E70 /* QuartzCore.framework */ = {isa = PBXFileReference; lastKnownFileType = wrapper.framework; name = QuartzCore.framework; path = System/Library/Frameworks/QuartzCore.framework; sourceTree = SDKROOT; };
		0C14C6A81DA90FFC000049D6 /* UIImage+Additions.swift */ = {isa = PBXFileReference; fileEncoding = 4; lastKnownFileType = sourcecode.swift; path = "UIImage+Additions.swift"; sourceTree = "<group>"; };
		0C18B60A19D4A9430064F1C6 /* Images.xcassets */ = {isa = PBXFileReference; lastKnownFileType = folder.assetcatalog; path = Images.xcassets; sourceTree = "<group>"; };
		0C1EB99D182096BF0093453C /* bandanaflag.jpg */ = {isa = PBXFileReference; lastKnownFileType = image.jpeg; path = bandanaflag.jpg; sourceTree = "<group>"; };
		0C23A3F01AD87D3B0023A5DD /* AboutCountry.plist */ = {isa = PBXFileReference; fileEncoding = 4; lastKnownFileType = text.plist.xml; path = AboutCountry.plist; sourceTree = "<group>"; };
		0C23A3F21AD93C400023A5DD /* RKCountryMoreInfo.swift */ = {isa = PBXFileReference; fileEncoding = 4; lastKnownFileType = sourcecode.swift; path = RKCountryMoreInfo.swift; sourceTree = "<group>"; };
		0C29A4DC1E2CD8D500CDE02A /* GEOCountry.swift */ = {isa = PBXFileReference; fileEncoding = 4; lastKnownFileType = sourcecode.swift; path = GEOCountry.swift; sourceTree = "<group>"; };
		0C29A4E01E2CE53200CDE02A /* GEOHTTPClient.swift */ = {isa = PBXFileReference; fileEncoding = 4; lastKnownFileType = sourcecode.swift; path = GEOHTTPClient.swift; sourceTree = "<group>"; };
		0C29A5231E2D133700CDE02A /* GEOMainViewController.swift */ = {isa = PBXFileReference; fileEncoding = 4; lastKnownFileType = sourcecode.swift; path = GEOMainViewController.swift; sourceTree = "<group>"; };
		0C29A5271E2D19D500CDE02A /* M13ProgressView.h */ = {isa = PBXFileReference; fileEncoding = 4; lastKnownFileType = sourcecode.c.h; path = M13ProgressView.h; sourceTree = "<group>"; };
		0C29A5281E2D19D500CDE02A /* M13ProgressView.m */ = {isa = PBXFileReference; fileEncoding = 4; lastKnownFileType = sourcecode.c.objc; path = M13ProgressView.m; sourceTree = "<group>"; };
		0C29A5291E2D19D500CDE02A /* M13ProgressViewRing.h */ = {isa = PBXFileReference; fileEncoding = 4; lastKnownFileType = sourcecode.c.h; path = M13ProgressViewRing.h; sourceTree = "<group>"; };
		0C29A52A1E2D19D500CDE02A /* M13ProgressViewRing.m */ = {isa = PBXFileReference; fileEncoding = 4; lastKnownFileType = sourcecode.c.objc; path = M13ProgressViewRing.m; sourceTree = "<group>"; };
		0C29A52D1E2D1A4500CDE02A /* M13ProgressViewRing+GEOAdditions.swift */ = {isa = PBXFileReference; fileEncoding = 4; lastKnownFileType = sourcecode.swift; path = "M13ProgressViewRing+GEOAdditions.swift"; sourceTree = "<group>"; };
		0C31017819D0E1E600AEF44E /* RKGSplashScreenViewController.h */ = {isa = PBXFileReference; fileEncoding = 4; lastKnownFileType = sourcecode.c.h; path = RKGSplashScreenViewController.h; sourceTree = "<group>"; };
		0C31017919D0E1E600AEF44E /* RKGSplashScreenViewController.m */ = {isa = PBXFileReference; fileEncoding = 4; lastKnownFileType = sourcecode.c.objc; path = RKGSplashScreenViewController.m; sourceTree = "<group>"; };
		0C34C52D1AD2BF2100560DCE /* NSNumber+RKGeonames.swift */ = {isa = PBXFileReference; fileEncoding = 4; lastKnownFileType = sourcecode.swift; path = "NSNumber+RKGeonames.swift"; sourceTree = "<group>"; };
		0C34C5341AD4033400560DCE /* UINavigationItem+RKGeonames.h */ = {isa = PBXFileReference; fileEncoding = 4; lastKnownFileType = sourcecode.c.h; path = "UINavigationItem+RKGeonames.h"; sourceTree = "<group>"; };
		0C34C5351AD4033400560DCE /* UINavigationItem+RKGeonames.m */ = {isa = PBXFileReference; fileEncoding = 4; lastKnownFileType = sourcecode.c.objc; path = "UINavigationItem+RKGeonames.m"; sourceTree = "<group>"; };
		0C34C5371AD4049400560DCE /* UINavigationItem+iOSSpacing.h */ = {isa = PBXFileReference; fileEncoding = 4; lastKnownFileType = sourcecode.c.h; path = "UINavigationItem+iOSSpacing.h"; sourceTree = "<group>"; };
		0C34C5381AD4049400560DCE /* UINavigationItem+iOSSpacing.m */ = {isa = PBXFileReference; fileEncoding = 4; lastKnownFileType = sourcecode.c.objc; path = "UINavigationItem+iOSSpacing.m"; sourceTree = "<group>"; };
		0C38AD9F1ACC5E0E0098CB08 /* SideBarMenu.swift */ = {isa = PBXFileReference; fileEncoding = 4; lastKnownFileType = sourcecode.swift; path = SideBarMenu.swift; sourceTree = "<group>"; };
		0C38ADA01ACC5E0E0098CB08 /* SideBarMenuTableViewController.swift */ = {isa = PBXFileReference; fileEncoding = 4; lastKnownFileType = sourcecode.swift; path = SideBarMenuTableViewController.swift; sourceTree = "<group>"; };
		0C38ADA81ACEDD640098CB08 /* NSDate+RKGeonames.swift */ = {isa = PBXFileReference; fileEncoding = 4; lastKnownFileType = sourcecode.swift; path = "NSDate+RKGeonames.swift"; sourceTree = "<group>"; };
		0C3AC44D1AD57D9400669220 /* Launch Screen.xib */ = {isa = PBXFileReference; fileEncoding = 4; lastKnownFileType = file.xib; path = "Launch Screen.xib"; sourceTree = "<group>"; };
		0C4FA10617744BB800A48BA0 /* RKGeonames.app */ = {isa = PBXFileReference; explicitFileType = wrapper.application; includeInIndex = 0; path = RKGeonames.app; sourceTree = BUILT_PRODUCTS_DIR; };
		0C4FA10917744BB800A48BA0 /* UIKit.framework */ = {isa = PBXFileReference; lastKnownFileType = wrapper.framework; name = UIKit.framework; path = System/Library/Frameworks/UIKit.framework; sourceTree = SDKROOT; };
		0C4FA10B17744BB800A48BA0 /* Foundation.framework */ = {isa = PBXFileReference; lastKnownFileType = wrapper.framework; name = Foundation.framework; path = System/Library/Frameworks/Foundation.framework; sourceTree = SDKROOT; };
		0C4FA10D17744BB800A48BA0 /* CoreGraphics.framework */ = {isa = PBXFileReference; lastKnownFileType = wrapper.framework; name = CoreGraphics.framework; path = System/Library/Frameworks/CoreGraphics.framework; sourceTree = SDKROOT; };
		0C4FA11117744BB800A48BA0 /* RKGeonames-Info.plist */ = {isa = PBXFileReference; lastKnownFileType = text.plist.xml; path = "RKGeonames-Info.plist"; sourceTree = "<group>"; };
		0C4FA11317744BB800A48BA0 /* en */ = {isa = PBXFileReference; lastKnownFileType = text.plist.strings; name = en; path = en.lproj/InfoPlist.strings; sourceTree = "<group>"; };
		0C4FA11717744BB800A48BA0 /* RKGeonames-Prefix.pch */ = {isa = PBXFileReference; lastKnownFileType = sourcecode.c.h; path = "RKGeonames-Prefix.pch"; sourceTree = "<group>"; };
		0C4FA11B17744BB800A48BA0 /* Default.png */ = {isa = PBXFileReference; lastKnownFileType = image.png; path = Default.png; sourceTree = "<group>"; };
		0C4FA11D17744BB800A48BA0 /* Default@2x.png */ = {isa = PBXFileReference; lastKnownFileType = image.png; path = "Default@2x.png"; sourceTree = "<group>"; };
		0C4FA11F17744BB800A48BA0 /* Default-568h@2x.png */ = {isa = PBXFileReference; lastKnownFileType = image.png; path = "Default-568h@2x.png"; sourceTree = "<group>"; };
		0C4FA12217744BB800A48BA0 /* en */ = {isa = PBXFileReference; lastKnownFileType = file.storyboard; name = en; path = en.lproj/MainStoryboard.storyboard; sourceTree = "<group>"; };
		0C63D3791E30C53400F9A5D4 /* GEOCountryMapViewRequest.swift */ = {isa = PBXFileReference; fileEncoding = 4; lastKnownFileType = sourcecode.swift; path = GEOCountryMapViewRequest.swift; sourceTree = "<group>"; };
		0C63D3861E30FD3900F9A5D4 /* GEOCountryFlags.swift */ = {isa = PBXFileReference; fileEncoding = 4; lastKnownFileType = sourcecode.swift; path = GEOCountryFlags.swift; sourceTree = "<group>"; };
		0C63D3881E3215CD00F9A5D4 /* AppDelegate.swift */ = {isa = PBXFileReference; fileEncoding = 4; lastKnownFileType = sourcecode.swift; path = AppDelegate.swift; sourceTree = "<group>"; };
		0C63D38A1E3217F000F9A5D4 /* main.swift */ = {isa = PBXFileReference; fileEncoding = 4; lastKnownFileType = sourcecode.swift; path = main.swift; sourceTree = "<group>"; };
		0C65ADB31DB6BD62000098B0 /* Currencies.plist */ = {isa = PBXFileReference; fileEncoding = 4; lastKnownFileType = text.plist.xml; path = Currencies.plist; sourceTree = "<group>"; };
		0C66B41E1C4942FA001D4BDF /* UITableViewCell+SideBarMenu.swift */ = {isa = PBXFileReference; fileEncoding = 4; lastKnownFileType = sourcecode.swift; path = "UITableViewCell+SideBarMenu.swift"; sourceTree = "<group>"; };
		0C66B4201C4A3C4B001D4BDF /* SideBarMenuAnimator.swift */ = {isa = PBXFileReference; fileEncoding = 4; lastKnownFileType = sourcecode.swift; path = SideBarMenuAnimator.swift; sourceTree = "<group>"; };
		0C69CE29177C854A00951ADA /* world-map.png */ = {isa = PBXFileReference; lastKnownFileType = image.png; name = "world-map.png"; path = "RKGeonames/world-map.png"; sourceTree = "<group>"; };
		0C895E5C189490C700900269 /* Singleton.h */ = {isa = PBXFileReference; lastKnownFileType = sourcecode.c.h; path = Singleton.h; sourceTree = "<group>"; };
		0C98C90E1E2D6747000F410C /* GEOWorldBankIndicator.swift */ = {isa = PBXFileReference; fileEncoding = 4; lastKnownFileType = sourcecode.swift; path = GEOWorldBankIndicator.swift; sourceTree = "<group>"; };
		0C98C90F1E2D6747000F410C /* GEOWorldBankIndicatorRequest.swift */ = {isa = PBXFileReference; fileEncoding = 4; lastKnownFileType = sourcecode.swift; path = GEOWorldBankIndicatorRequest.swift; sourceTree = "<group>"; };
		0C98C9181E2E2053000F410C /* GEOCountryDomainData.swift */ = {isa = PBXFileReference; fileEncoding = 4; lastKnownFileType = sourcecode.swift; path = GEOCountryDomainData.swift; sourceTree = "<group>"; };
		0C98C91A1E2E20C0000F410C /* GEOCountryDemographicData.swift */ = {isa = PBXFileReference; fileEncoding = 4; lastKnownFileType = sourcecode.swift; path = GEOCountryDemographicData.swift; sourceTree = "<group>"; };
		0CD8A0F81A0CEF55004D4801 /* RKGWebView.h */ = {isa = PBXFileReference; fileEncoding = 4; lastKnownFileType = sourcecode.c.h; name = RKGWebView.h; path = RKGeonames/RKGWebView.h; sourceTree = "<group>"; };
		0CD8A0F91A0CEF55004D4801 /* RKGWebView.m */ = {isa = PBXFileReference; fileEncoding = 4; lastKnownFileType = sourcecode.c.objc; name = RKGWebView.m; path = RKGeonames/RKGWebView.m; sourceTree = "<group>"; };
		0CD9783D1856BEBE00838DBF /* RKGeonamesTests.app */ = {isa = PBXFileReference; explicitFileType = wrapper.application; includeInIndex = 0; path = RKGeonamesTests.app; sourceTree = BUILT_PRODUCTS_DIR; };
		0CD978431856BEBE00838DBF /* RKGeonamesTests-Info.plist */ = {isa = PBXFileReference; lastKnownFileType = text.plist.xml; path = "RKGeonamesTests-Info.plist"; sourceTree = "<group>"; };
		0CD978451856BEBE00838DBF /* en */ = {isa = PBXFileReference; lastKnownFileType = text.plist.strings; name = en; path = en.lproj/InfoPlist.strings; sourceTree = "<group>"; };
		0CD978471856BEBE00838DBF /* main.m */ = {isa = PBXFileReference; lastKnownFileType = sourcecode.c.objc; path = main.m; sourceTree = "<group>"; };
		0CD978491856BEBE00838DBF /* RKGeonamesTests-Prefix.pch */ = {isa = PBXFileReference; lastKnownFileType = sourcecode.c.h; path = "RKGeonamesTests-Prefix.pch"; sourceTree = "<group>"; };
		0CD978681856BEE700838DBF /* libPods.a */ = {isa = PBXFileReference; lastKnownFileType = archive.ar; name = libPods.a; path = "Pods/build/Debug-iphoneos/libPods.a"; sourceTree = "<group>"; };
		0CD9786B1856BFD900838DBF /* RKGeonamesAPITests.m */ = {isa = PBXFileReference; fileEncoding = 4; lastKnownFileType = sourcecode.c.objc; path = RKGeonamesAPITests.m; sourceTree = "<group>"; };
		0CD9786D1856C12700838DBF /* libPods.a */ = {isa = PBXFileReference; lastKnownFileType = archive.ar; name = libPods.a; path = "Pods/build/Debug-iphoneos/libPods.a"; sourceTree = "<group>"; };
		0CDD130F19C85B3E00B4A547 /* RKGeonames-Bridging-Header.h */ = {isa = PBXFileReference; lastKnownFileType = sourcecode.c.h; path = "RKGeonames-Bridging-Header.h"; sourceTree = "<group>"; };
		0CE4BE391888DAB6008EB49A /* CoreData.framework */ = {isa = PBXFileReference; lastKnownFileType = wrapper.framework; name = CoreData.framework; path = System/Library/Frameworks/CoreData.framework; sourceTree = SDKROOT; };
		0CF9B8CF1E324342003B925F /* GEOMainTableViewCell.swift */ = {isa = PBXFileReference; fileEncoding = 4; lastKnownFileType = sourcecode.swift; path = GEOMainTableViewCell.swift; sourceTree = "<group>"; };
		0CF9B8D81E3253DD003B925F /* GEOCountryFlagRequest.swift */ = {isa = PBXFileReference; fileEncoding = 4; lastKnownFileType = sourcecode.swift; path = GEOCountryFlagRequest.swift; sourceTree = "<group>"; };
		0CFE39201AD9791F000B641C /* RKGCountryMoreInfoViewController.swift */ = {isa = PBXFileReference; fileEncoding = 4; lastKnownFileType = sourcecode.swift; path = RKGCountryMoreInfoViewController.swift; sourceTree = "<group>"; };
		0CFE39221ADBC0B8000B641C /* RKGeonamesTests-Bridging-Header.h */ = {isa = PBXFileReference; lastKnownFileType = sourcecode.c.h; path = "RKGeonamesTests-Bridging-Header.h"; sourceTree = "<group>"; };
		0CFE39231ADBC0B9000B641C /* RKCountryDetailsViewControllerTests.swift */ = {isa = PBXFileReference; fileEncoding = 4; lastKnownFileType = sourcecode.swift; path = RKCountryDetailsViewControllerTests.swift; sourceTree = "<group>"; };
		4C19537756880B8F0649FAA7 /* Pods_RKGeonames.framework */ = {isa = PBXFileReference; explicitFileType = wrapper.framework; includeInIndex = 0; path = Pods_RKGeonames.framework; sourceTree = BUILT_PRODUCTS_DIR; };
		9BEB6A8F09BBC53F794758E0 /* Pods-RKGeonames.release.xcconfig */ = {isa = PBXFileReference; includeInIndex = 1; lastKnownFileType = text.xcconfig; name = "Pods-RKGeonames.release.xcconfig"; path = "Pods/Target Support Files/Pods-RKGeonames/Pods-RKGeonames.release.xcconfig"; sourceTree = "<group>"; };
		E8351863E04D3A4B585F5B4E /* Pods-RKGeonames.debug.xcconfig */ = {isa = PBXFileReference; includeInIndex = 1; lastKnownFileType = text.xcconfig; name = "Pods-RKGeonames.debug.xcconfig"; path = "Pods/Target Support Files/Pods-RKGeonames/Pods-RKGeonames.debug.xcconfig"; sourceTree = "<group>"; };
/* End PBXFileReference section */

/* Begin PBXFrameworksBuildPhase section */
		0C4FA10317744BB800A48BA0 /* Frameworks */ = {
			isa = PBXFrameworksBuildPhase;
			buildActionMask = 2147483647;
			files = (
				0CE4BE3A1888DAB6008EB49A /* CoreData.framework in Frameworks */,
				0C0BDCED181F819B00E36E70 /* QuartzCore.framework in Frameworks */,
				0C4FA10A17744BB800A48BA0 /* UIKit.framework in Frameworks */,
				0C4FA10C17744BB800A48BA0 /* Foundation.framework in Frameworks */,
				0C4FA10E17744BB800A48BA0 /* CoreGraphics.framework in Frameworks */,
				A042268B468329754B37D2BA /* Pods_RKGeonames.framework in Frameworks */,
			);
			runOnlyForDeploymentPostprocessing = 0;
		};
		0CD9783A1856BEBE00838DBF /* Frameworks */ = {
			isa = PBXFrameworksBuildPhase;
			buildActionMask = 2147483647;
			files = (
				0CD9783F1856BEBE00838DBF /* CoreGraphics.framework in Frameworks */,
				0CD978401856BEBE00838DBF /* UIKit.framework in Frameworks */,
				0CD9783E1856BEBE00838DBF /* Foundation.framework in Frameworks */,
			);
			runOnlyForDeploymentPostprocessing = 0;
		};
/* End PBXFrameworksBuildPhase section */

/* Begin PBXGroup section */
		0C34C53A1AD404B100560DCE /* UINavigationItem */ = {
			isa = PBXGroup;
			children = (
				0C34C5341AD4033400560DCE /* UINavigationItem+RKGeonames.h */,
				0C34C5351AD4033400560DCE /* UINavigationItem+RKGeonames.m */,
				0C34C5371AD4049400560DCE /* UINavigationItem+iOSSpacing.h */,
				0C34C5381AD4049400560DCE /* UINavigationItem+iOSSpacing.m */,
			);
			name = UINavigationItem;
			path = ..;
			sourceTree = "<group>";
		};
		0C38ADA31ACC5E140098CB08 /* SideBarMenu */ = {
			isa = PBXGroup;
			children = (
				0C38AD9F1ACC5E0E0098CB08 /* SideBarMenu.swift */,
				0C66B4201C4A3C4B001D4BDF /* SideBarMenuAnimator.swift */,
				0C38ADA01ACC5E0E0098CB08 /* SideBarMenuTableViewController.swift */,
				0C66B41E1C4942FA001D4BDF /* UITableViewCell+SideBarMenu.swift */,
			);
			name = SideBarMenu;
			sourceTree = "<group>";
		};
		0C4FA0FD17744BB800A48BA0 = {
			isa = PBXGroup;
			children = (
				0C29A52D1E2D1A4500CDE02A /* M13ProgressViewRing+GEOAdditions.swift */,
				0C98C9181E2E2053000F410C /* GEOCountryDomainData.swift */,
				0C63D3861E30FD3900F9A5D4 /* GEOCountryFlags.swift */,
				0CF9B8D81E3253DD003B925F /* GEOCountryFlagRequest.swift */,
				0C0B4D3C1E2F754900589526 /* GEOCity.swift */,
				0C98C91A1E2E20C0000F410C /* GEOCountryDemographicData.swift */,
				0C0B4D1E1E2E788B00589526 /* GEOCountryAdministrationData.swift */,
				0C0B4D341E2E789E00589526 /* GEOCountryEconomicData.swift */,
				0C65ADB31DB6BD62000098B0 /* Currencies.plist */,
				0C29A5271E2D19D500CDE02A /* M13ProgressView.h */,
				0C29A5281E2D19D500CDE02A /* M13ProgressView.m */,
				0C29A5291E2D19D500CDE02A /* M13ProgressViewRing.h */,
				0C29A52A1E2D19D500CDE02A /* M13ProgressViewRing.m */,
				0C14C6A81DA90FFC000049D6 /* UIImage+Additions.swift */,
				0C23A3F21AD93C400023A5DD /* RKCountryMoreInfo.swift */,
				0CD8A0F81A0CEF55004D4801 /* RKGWebView.h */,
				0CD8A0F91A0CEF55004D4801 /* RKGWebView.m */,
				0C18B60A19D4A9430064F1C6 /* Images.xcassets */,
				0C895E5C189490C700900269 /* Singleton.h */,
				0C69CE29177C854A00951ADA /* world-map.png */,
				0C4FA10F17744BB800A48BA0 /* RKGeonames */,
				0CD978411856BEBE00838DBF /* RKGeonamesTests */,
				0C4FA10817744BB800A48BA0 /* Frameworks */,
				0C4FA10717744BB800A48BA0 /* Products */,
				C2349FCAABEF8F5FAAECC196 /* Pods */,
			);
			sourceTree = "<group>";
		};
		0C4FA10717744BB800A48BA0 /* Products */ = {
			isa = PBXGroup;
			children = (
				0C4FA10617744BB800A48BA0 /* RKGeonames.app */,
				0CD9783D1856BEBE00838DBF /* RKGeonamesTests.app */,
			);
			name = Products;
			sourceTree = "<group>";
		};
		0C4FA10817744BB800A48BA0 /* Frameworks */ = {
			isa = PBXGroup;
			children = (
				0CE4BE391888DAB6008EB49A /* CoreData.framework */,
				0CD9786D1856C12700838DBF /* libPods.a */,
				0CD978681856BEE700838DBF /* libPods.a */,
				0C0BDCEC181F819B00E36E70 /* QuartzCore.framework */,
				0C4FA10917744BB800A48BA0 /* UIKit.framework */,
				0C4FA10B17744BB800A48BA0 /* Foundation.framework */,
				0C4FA10D17744BB800A48BA0 /* CoreGraphics.framework */,
				4C19537756880B8F0649FAA7 /* Pods_RKGeonames.framework */,
			);
			name = Frameworks;
			sourceTree = "<group>";
		};
		0C4FA10F17744BB800A48BA0 /* RKGeonames */ = {
			isa = PBXGroup;
			children = (
				0C34C53A1AD404B100560DCE /* UINavigationItem */,
				0C38ADA31ACC5E140098CB08 /* SideBarMenu */,
				0CAA7DCF17E328EC00E5CB22 /* Models */,
				0CCEC9261780890A00A148CB /* Controllers */,
				0C0B4D381E2EC7AA00589526 /* GEOCurrencies.swift */,
				0C63D3881E3215CD00F9A5D4 /* AppDelegate.swift */,
				0C4FA12117744BB800A48BA0 /* MainStoryboard.storyboard */,
				0C3AC44D1AD57D9400669220 /* Launch Screen.xib */,
				0C4FA11017744BB800A48BA0 /* Supporting Files */,
				0C38ADA81ACEDD640098CB08 /* NSDate+RKGeonames.swift */,
				0C34C52D1AD2BF2100560DCE /* NSNumber+RKGeonames.swift */,
				0C29A4E01E2CE53200CDE02A /* GEOHTTPClient.swift */,
			);
			path = RKGeonames;
			sourceTree = "<group>";
		};
		0C4FA11017744BB800A48BA0 /* Supporting Files */ = {
			isa = PBXGroup;
			children = (
				0C1EB99D182096BF0093453C /* bandanaflag.jpg */,
				0C4FA11117744BB800A48BA0 /* RKGeonames-Info.plist */,
				0C4FA11217744BB800A48BA0 /* InfoPlist.strings */,
				0C63D38A1E3217F000F9A5D4 /* main.swift */,
				0C4FA11717744BB800A48BA0 /* RKGeonames-Prefix.pch */,
				0C4FA11B17744BB800A48BA0 /* Default.png */,
				0C4FA11D17744BB800A48BA0 /* Default@2x.png */,
				0C4FA11F17744BB800A48BA0 /* Default-568h@2x.png */,
			);
			name = "Supporting Files";
			sourceTree = "<group>";
		};
		0CAA7DCF17E328EC00E5CB22 /* Models */ = {
			isa = PBXGroup;
			children = (
				0C98C90E1E2D6747000F410C /* GEOWorldBankIndicator.swift */,
				0C98C90F1E2D6747000F410C /* GEOWorldBankIndicatorRequest.swift */,
				0C29A4DC1E2CD8D500CDE02A /* GEOCountry.swift */,
				0C0B4D3A1E2ECAE800589526 /* GEOCapitalCityRequest.swift */,
				0C0B4D441E2F7D2C00589526 /* GEOCountryDetailsViewModel.swift */,
				0C0B4D461E2F7D5F00589526 /* GEOCountryDetailsViewController.swift */,
				0C63D3791E30C53400F9A5D4 /* GEOCountryMapViewRequest.swift */,
				0C0B4D401E2F773100589526 /* GEOTimezoneRequest.swift */,
				0C0B4D421E2F774400589526 /* GEOTimezone.swift */,
			);
			name = Models;
			sourceTree = "<group>";
		};
		0CB2C16F1C48DECD00F448C6 /* GeonamesTableViewController */ = {
			isa = PBXGroup;
			children = (
				0CB2C1701C48DEDC00F448C6 /* GeonamesTableViewCell */,
			);
			name = GeonamesTableViewController;
			sourceTree = "<group>";
		};
		0CB2C1701C48DEDC00F448C6 /* GeonamesTableViewCell */ = {
			isa = PBXGroup;
			children = (
				0CF9B8CF1E324342003B925F /* GEOMainTableViewCell.swift */,
			);
			name = GeonamesTableViewCell;
			sourceTree = "<group>";
		};
		0CCEC9261780890A00A148CB /* Controllers */ = {
			isa = PBXGroup;
			children = (
				0CB2C16F1C48DECD00F448C6 /* GeonamesTableViewController */,
				0C31017819D0E1E600AEF44E /* RKGSplashScreenViewController.h */,
				0C31017919D0E1E600AEF44E /* RKGSplashScreenViewController.m */,
				0C23A3F01AD87D3B0023A5DD /* AboutCountry.plist */,
				0CDD130F19C85B3E00B4A547 /* RKGeonames-Bridging-Header.h */,
				0CFE39201AD9791F000B641C /* RKGCountryMoreInfoViewController.swift */,
				0C29A5231E2D133700CDE02A /* GEOMainViewController.swift */,
			);
			name = Controllers;
			sourceTree = "<group>";
		};
		0CD978411856BEBE00838DBF /* RKGeonamesTests */ = {
			isa = PBXGroup;
			children = (
				0CD9786B1856BFD900838DBF /* RKGeonamesAPITests.m */,
				0CD978421856BEBE00838DBF /* Supporting Files */,
				0CFE39231ADBC0B9000B641C /* RKCountryDetailsViewControllerTests.swift */,
				0CFE39221ADBC0B8000B641C /* RKGeonamesTests-Bridging-Header.h */,
			);
			path = RKGeonamesTests;
			sourceTree = "<group>";
		};
		0CD978421856BEBE00838DBF /* Supporting Files */ = {
			isa = PBXGroup;
			children = (
				0CD978431856BEBE00838DBF /* RKGeonamesTests-Info.plist */,
				0CD978441856BEBE00838DBF /* InfoPlist.strings */,
				0CD978471856BEBE00838DBF /* main.m */,
				0CD978491856BEBE00838DBF /* RKGeonamesTests-Prefix.pch */,
			);
			name = "Supporting Files";
			sourceTree = "<group>";
		};
		C2349FCAABEF8F5FAAECC196 /* Pods */ = {
			isa = PBXGroup;
			children = (
				E8351863E04D3A4B585F5B4E /* Pods-RKGeonames.debug.xcconfig */,
				9BEB6A8F09BBC53F794758E0 /* Pods-RKGeonames.release.xcconfig */,
			);
			name = Pods;
			sourceTree = "<group>";
		};
/* End PBXGroup section */

/* Begin PBXNativeTarget section */
		0C4FA10517744BB800A48BA0 /* RKGeonames */ = {
			isa = PBXNativeTarget;
			buildConfigurationList = 0C4FA12917744BB800A48BA0 /* Build configuration list for PBXNativeTarget "RKGeonames" */;
			buildPhases = (
				1B7F86C71C3F2365A2D21C34 /* [CP] Check Pods Manifest.lock */,
				0C4FA10217744BB800A48BA0 /* Sources */,
				0C4FA10317744BB800A48BA0 /* Frameworks */,
				0C4FA10417744BB800A48BA0 /* Resources */,
				EDCD2C41BACA07CD33EA1301 /* [CP] Embed Pods Frameworks */,
				BCAA0F18E0FB3442EA0AE269 /* [CP] Copy Pods Resources */,
			);
			buildRules = (
			);
			dependencies = (
			);
			name = RKGeonames;
			productName = RKGeonames;
			productReference = 0C4FA10617744BB800A48BA0 /* RKGeonames.app */;
			productType = "com.apple.product-type.application";
		};
		0CD9783C1856BEBE00838DBF /* RKGeonamesTests */ = {
			isa = PBXNativeTarget;
			buildConfigurationList = 0CD978661856BEBF00838DBF /* Build configuration list for PBXNativeTarget "RKGeonamesTests" */;
			buildPhases = (
				0CD978391856BEBE00838DBF /* Sources */,
				0CD9783A1856BEBE00838DBF /* Frameworks */,
				0CD9783B1856BEBE00838DBF /* Resources */,
			);
			buildRules = (
			);
			dependencies = (
			);
			name = RKGeonamesTests;
			productName = RKGeonamesTests;
			productReference = 0CD9783D1856BEBE00838DBF /* RKGeonamesTests.app */;
			productType = "com.apple.product-type.application";
		};
/* End PBXNativeTarget section */

/* Begin PBXProject section */
		0C4FA0FE17744BB800A48BA0 /* Project object */ = {
			isa = PBXProject;
			attributes = {
				LastSwiftMigration = 0720;
				LastSwiftUpdateCheck = 0720;
				LastUpgradeCheck = 0460;
				ORGANIZATIONNAME = "Stefan Burettea";
				TargetAttributes = {
					0C4FA10517744BB800A48BA0 = {
						LastSwiftMigration = 0820;
						SystemCapabilities = {
							com.apple.BackgroundModes = {
								enabled = 0;
							};
						};
					};
				};
			};
			buildConfigurationList = 0C4FA10117744BB800A48BA0 /* Build configuration list for PBXProject "RKGeonames" */;
			compatibilityVersion = "Xcode 3.2";
			developmentRegion = English;
			hasScannedForEncodings = 0;
			knownRegions = (
				en,
			);
			mainGroup = 0C4FA0FD17744BB800A48BA0;
			productRefGroup = 0C4FA10717744BB800A48BA0 /* Products */;
			projectDirPath = "";
			projectRoot = "";
			targets = (
				0C4FA10517744BB800A48BA0 /* RKGeonames */,
				0CD9783C1856BEBE00838DBF /* RKGeonamesTests */,
			);
		};
/* End PBXProject section */

/* Begin PBXResourcesBuildPhase section */
		0C4FA10417744BB800A48BA0 /* Resources */ = {
			isa = PBXResourcesBuildPhase;
			buildActionMask = 2147483647;
			files = (
				0C4FA11417744BB800A48BA0 /* InfoPlist.strings in Resources */,
				0C18B60B19D4A9430064F1C6 /* Images.xcassets in Resources */,
				0C3AC44E1AD57D9400669220 /* Launch Screen.xib in Resources */,
				0C4FA11C17744BB800A48BA0 /* Default.png in Resources */,
				0C4FA11E17744BB800A48BA0 /* Default@2x.png in Resources */,
				0C4FA12017744BB800A48BA0 /* Default-568h@2x.png in Resources */,
				0C4FA12317744BB800A48BA0 /* MainStoryboard.storyboard in Resources */,
				0C23A3F11AD87D3B0023A5DD /* AboutCountry.plist in Resources */,
				0C1EB99E182096BF0093453C /* bandanaflag.jpg in Resources */,
				0C65ADB41DB6BD62000098B0 /* Currencies.plist in Resources */,
				0C69CE2C177C854A00951ADA /* world-map.png in Resources */,
			);
			runOnlyForDeploymentPostprocessing = 0;
		};
		0CD9783B1856BEBE00838DBF /* Resources */ = {
			isa = PBXResourcesBuildPhase;
			buildActionMask = 2147483647;
			files = (
				0CFE39271ADBC195000B641C /* RKGeonamesTests-Info.plist in Resources */,
				0CD978461856BEBE00838DBF /* InfoPlist.strings in Resources */,
			);
			runOnlyForDeploymentPostprocessing = 0;
		};
/* End PBXResourcesBuildPhase section */

/* Begin PBXShellScriptBuildPhase section */
		1B7F86C71C3F2365A2D21C34 /* [CP] Check Pods Manifest.lock */ = {
			isa = PBXShellScriptBuildPhase;
			buildActionMask = 2147483647;
			files = (
			);
			inputPaths = (
			);
			name = "[CP] Check Pods Manifest.lock";
			outputPaths = (
			);
			runOnlyForDeploymentPostprocessing = 0;
			shellPath = /bin/sh;
			shellScript = "diff \"${PODS_PODFILE_DIR_PATH}/Podfile.lock\" \"${PODS_ROOT}/Manifest.lock\" > /dev/null\nif [ $? != 0 ] ; then\n    # print error to STDERR\n    echo \"error: The sandbox is not in sync with the Podfile.lock. Run 'pod install' or update your CocoaPods installation.\" >&2\n    exit 1\nfi\n";
			showEnvVarsInLog = 0;
		};
		BCAA0F18E0FB3442EA0AE269 /* [CP] Copy Pods Resources */ = {
			isa = PBXShellScriptBuildPhase;
			buildActionMask = 2147483647;
			files = (
			);
			inputPaths = (
			);
			name = "[CP] Copy Pods Resources";
			outputPaths = (
			);
			runOnlyForDeploymentPostprocessing = 0;
			shellPath = /bin/sh;
			shellScript = "\"${SRCROOT}/Pods/Target Support Files/Pods-RKGeonames/Pods-RKGeonames-resources.sh\"\n";
			showEnvVarsInLog = 0;
		};
		EDCD2C41BACA07CD33EA1301 /* [CP] Embed Pods Frameworks */ = {
			isa = PBXShellScriptBuildPhase;
			buildActionMask = 2147483647;
			files = (
			);
			inputPaths = (
			);
			name = "[CP] Embed Pods Frameworks";
			outputPaths = (
			);
			runOnlyForDeploymentPostprocessing = 0;
			shellPath = /bin/sh;
			shellScript = "\"${SRCROOT}/Pods/Target Support Files/Pods-RKGeonames/Pods-RKGeonames-frameworks.sh\"\n";
			showEnvVarsInLog = 0;
		};
/* End PBXShellScriptBuildPhase section */

/* Begin PBXSourcesBuildPhase section */
		0C4FA10217744BB800A48BA0 /* Sources */ = {
			isa = PBXSourcesBuildPhase;
			buildActionMask = 2147483647;
			files = (
				0C63D3871E30FD3900F9A5D4 /* GEOCountryFlags.swift in Sources */,
				0C29A5241E2D133700CDE02A /* GEOMainViewController.swift in Sources */,
				0C98C9101E2D6747000F410C /* GEOWorldBankIndicator.swift in Sources */,
				0C98C9191E2E2053000F410C /* GEOCountryDomainData.swift in Sources */,
				0C0B4D411E2F773100589526 /* GEOTimezoneRequest.swift in Sources */,
				0C34C52E1AD2BF2100560DCE /* NSNumber+RKGeonames.swift in Sources */,
				0C0B4D1F1E2E788B00589526 /* GEOCountryAdministrationData.swift in Sources */,
				0C63D37A1E30C53400F9A5D4 /* GEOCountryMapViewRequest.swift in Sources */,
				0C23A3F31AD93C400023A5DD /* RKCountryMoreInfo.swift in Sources */,
				0C66B4211C4A3C4B001D4BDF /* SideBarMenuAnimator.swift in Sources */,
				0C0B4D471E2F7D5F00589526 /* GEOCountryDetailsViewController.swift in Sources */,
				0C63D38B1E3217F000F9A5D4 /* main.swift in Sources */,
				0C66B41F1C4942FA001D4BDF /* UITableViewCell+SideBarMenu.swift in Sources */,
				0CD8A0FA1A0CEF55004D4801 /* RKGWebView.m in Sources */,
				0C29A4E11E2CE53200CDE02A /* GEOHTTPClient.swift in Sources */,
				0C38ADA11ACC5E0E0098CB08 /* SideBarMenu.swift in Sources */,
				0C29A52B1E2D19D500CDE02A /* M13ProgressView.m in Sources */,
				0C0B4D351E2E789E00589526 /* GEOCountryEconomicData.swift in Sources */,
				0C98C91B1E2E20C0000F410C /* GEOCountryDemographicData.swift in Sources */,
				0C63D3891E3215CE00F9A5D4 /* AppDelegate.swift in Sources */,
				0CF9B8D91E3253DD003B925F /* GEOCountryFlagRequest.swift in Sources */,
				0CF9B8D01E324342003B925F /* GEOMainTableViewCell.swift in Sources */,
				0C0B4D3D1E2F754900589526 /* GEOCity.swift in Sources */,
				0C34C5361AD4033400560DCE /* UINavigationItem+RKGeonames.m in Sources */,
				0C0B4D391E2EC7AA00589526 /* GEOCurrencies.swift in Sources */,
				0C34C5391AD4049400560DCE /* UINavigationItem+iOSSpacing.m in Sources */,
				0C0B4D3B1E2ECAE800589526 /* GEOCapitalCityRequest.swift in Sources */,
				0C98C9111E2D6747000F410C /* GEOWorldBankIndicatorRequest.swift in Sources */,
				0C38ADA91ACEDD640098CB08 /* NSDate+RKGeonames.swift in Sources */,
				0C14C6A91DA90FFC000049D6 /* UIImage+Additions.swift in Sources */,
				0C29A4DD1E2CD8D500CDE02A /* GEOCountry.swift in Sources */,
				0CFE39211AD9791F000B641C /* RKGCountryMoreInfoViewController.swift in Sources */,
				0C38ADA21ACC5E0E0098CB08 /* SideBarMenuTableViewController.swift in Sources */,
				0C29A52E1E2D1A4500CDE02A /* M13ProgressViewRing+GEOAdditions.swift in Sources */,
				0C29A52C1E2D19D500CDE02A /* M13ProgressViewRing.m in Sources */,
				0C31017A19D0E1E600AEF44E /* RKGSplashScreenViewController.m in Sources */,
				0C0B4D431E2F774400589526 /* GEOTimezone.swift in Sources */,
				0C0B4D451E2F7D2C00589526 /* GEOCountryDetailsViewModel.swift in Sources */,
			);
			runOnlyForDeploymentPostprocessing = 0;
		};
		0CD978391856BEBE00838DBF /* Sources */ = {
			isa = PBXSourcesBuildPhase;
			buildActionMask = 2147483647;
			files = (
				0CFE39241ADBC0B9000B641C /* RKCountryDetailsViewControllerTests.swift in Sources */,
				0CD9786C1856BFD900838DBF /* RKGeonamesAPITests.m in Sources */,
				0CD978481856BEBE00838DBF /* main.m in Sources */,
			);
			runOnlyForDeploymentPostprocessing = 0;
		};
/* End PBXSourcesBuildPhase section */

/* Begin PBXVariantGroup section */
		0C4FA11217744BB800A48BA0 /* InfoPlist.strings */ = {
			isa = PBXVariantGroup;
			children = (
				0C4FA11317744BB800A48BA0 /* en */,
			);
			name = InfoPlist.strings;
			sourceTree = "<group>";
		};
		0C4FA12117744BB800A48BA0 /* MainStoryboard.storyboard */ = {
			isa = PBXVariantGroup;
			children = (
				0C4FA12217744BB800A48BA0 /* en */,
			);
			name = MainStoryboard.storyboard;
			sourceTree = "<group>";
		};
		0CD978441856BEBE00838DBF /* InfoPlist.strings */ = {
			isa = PBXVariantGroup;
			children = (
				0CD978451856BEBE00838DBF /* en */,
			);
			name = InfoPlist.strings;
			sourceTree = "<group>";
		};
/* End PBXVariantGroup section */

/* Begin XCBuildConfiguration section */
		0C4FA12717744BB800A48BA0 /* Debug */ = {
			isa = XCBuildConfiguration;
			buildSettings = {
				ALWAYS_SEARCH_USER_PATHS = NO;
				ARCHS = "$(ARCHS_STANDARD_INCLUDING_64_BIT)";
				CLANG_CXX_LANGUAGE_STANDARD = "gnu++0x";
				CLANG_CXX_LIBRARY = "libc++";
				CLANG_ENABLE_OBJC_ARC = YES;
				CLANG_WARN_CONSTANT_CONVERSION = YES;
				CLANG_WARN_EMPTY_BODY = YES;
				CLANG_WARN_ENUM_CONVERSION = YES;
				CLANG_WARN_INT_CONVERSION = YES;
				CLANG_WARN__DUPLICATE_METHOD_MATCH = YES;
				"CODE_SIGN_IDENTITY[sdk=iphoneos*]" = "iPhone Developer";
				COPY_PHASE_STRIP = NO;
				GCC_C_LANGUAGE_STANDARD = gnu99;
				GCC_DYNAMIC_NO_PIC = NO;
				GCC_OPTIMIZATION_LEVEL = 0;
				GCC_PREPROCESSOR_DEFINITIONS = (
					"DEBUG=1",
					"$(inherited)",
				);
				GCC_SYMBOLS_PRIVATE_EXTERN = NO;
				GCC_WARN_ABOUT_RETURN_TYPE = YES;
				GCC_WARN_UNINITIALIZED_AUTOS = YES;
				GCC_WARN_UNUSED_VARIABLE = YES;
				IPHONEOS_DEPLOYMENT_TARGET = 7.0;
				ONLY_ACTIVE_ARCH = YES;
				SDKROOT = iphoneos;
				SWIFT_VERSION = 2.3;
			};
			name = Debug;
		};
		0C4FA12817744BB800A48BA0 /* Release */ = {
			isa = XCBuildConfiguration;
			buildSettings = {
				ALWAYS_SEARCH_USER_PATHS = NO;
				ARCHS = "$(ARCHS_STANDARD_INCLUDING_64_BIT)";
				CLANG_CXX_LANGUAGE_STANDARD = "gnu++0x";
				CLANG_CXX_LIBRARY = "libc++";
				CLANG_ENABLE_OBJC_ARC = YES;
				CLANG_WARN_CONSTANT_CONVERSION = YES;
				CLANG_WARN_EMPTY_BODY = YES;
				CLANG_WARN_ENUM_CONVERSION = YES;
				CLANG_WARN_INT_CONVERSION = YES;
				CLANG_WARN__DUPLICATE_METHOD_MATCH = YES;
				"CODE_SIGN_IDENTITY[sdk=iphoneos*]" = "iPhone Developer";
				COPY_PHASE_STRIP = YES;
				GCC_C_LANGUAGE_STANDARD = gnu99;
				GCC_WARN_ABOUT_RETURN_TYPE = YES;
				GCC_WARN_UNINITIALIZED_AUTOS = YES;
				GCC_WARN_UNUSED_VARIABLE = YES;
				IPHONEOS_DEPLOYMENT_TARGET = 7.0;
				ONLY_ACTIVE_ARCH = YES;
				OTHER_CFLAGS = "-DNS_BLOCK_ASSERTIONS=1";
				SDKROOT = iphoneos;
				SWIFT_VERSION = 2.3;
				VALIDATE_PRODUCT = YES;
			};
			name = Release;
		};
		0C4FA12A17744BB800A48BA0 /* Debug */ = {
			isa = XCBuildConfiguration;
			baseConfigurationReference = E8351863E04D3A4B585F5B4E /* Pods-RKGeonames.debug.xcconfig */;
			buildSettings = {
				CLANG_ENABLE_MODULES = YES;
				DEFINES_MODULE = NO;
				GCC_PRECOMPILE_PREFIX_HEADER = YES;
				GCC_PREFIX_HEADER = "RKGeonames/RKGeonames-Prefix.pch";
				INFOPLIST_FILE = "RKGeonames/RKGeonames-Info.plist";
				IPHONEOS_DEPLOYMENT_TARGET = 9.0;
				LD_RUNPATH_SEARCH_PATHS = "$(inherited) @executable_path/Frameworks";
				PRODUCT_NAME = "$(TARGET_NAME)";
				SWIFT_OBJC_BRIDGING_HEADER = "RKGeonames/RKGeonames-Bridging-Header.h";
				SWIFT_OPTIMIZATION_LEVEL = "-Onone";
				SWIFT_VERSION = 3.0;
				TARGETED_DEVICE_FAMILY = "1,2";
				WRAPPER_EXTENSION = app;
			};
			name = Debug;
		};
		0C4FA12B17744BB800A48BA0 /* Release */ = {
			isa = XCBuildConfiguration;
			baseConfigurationReference = 9BEB6A8F09BBC53F794758E0 /* Pods-RKGeonames.release.xcconfig */;
			buildSettings = {
				CLANG_ENABLE_MODULES = YES;
				DEFINES_MODULE = NO;
				GCC_PRECOMPILE_PREFIX_HEADER = YES;
				GCC_PREFIX_HEADER = "RKGeonames/RKGeonames-Prefix.pch";
				INFOPLIST_FILE = "RKGeonames/RKGeonames-Info.plist";
				IPHONEOS_DEPLOYMENT_TARGET = 9.0;
				LD_RUNPATH_SEARCH_PATHS = "$(inherited) @executable_path/Frameworks";
				ONLY_ACTIVE_ARCH = YES;
				PRODUCT_NAME = "$(TARGET_NAME)";
				SWIFT_OBJC_BRIDGING_HEADER = "RKGeonames/RKGeonames-Bridging-Header.h";
				SWIFT_VERSION = 3.0;
				TARGETED_DEVICE_FAMILY = "1,2";
				WRAPPER_EXTENSION = app;
			};
			name = Release;
		};
		0CD978621856BEBF00838DBF /* Debug */ = {
			isa = XCBuildConfiguration;
			buildSettings = {
				ARCHS = "$(ARCHS_STANDARD_INCLUDING_64_BIT)";
				ASSETCATALOG_COMPILER_APPICON_NAME = AppIcon;
				ASSETCATALOG_COMPILER_LAUNCHIMAGE_NAME = LaunchImage;
				CLANG_ENABLE_MODULES = YES;
				CLANG_WARN_BOOL_CONVERSION = YES;
				CLANG_WARN_DIRECT_OBJC_ISA_USAGE = YES_ERROR;
				CLANG_WARN_OBJC_ROOT_CLASS = YES_ERROR;
				GCC_PRECOMPILE_PREFIX_HEADER = YES;
				GCC_PREFIX_HEADER = "RKGeonamesTests/RKGeonamesTests-Prefix.pch";
				GCC_PREPROCESSOR_DEFINITIONS = (
					"DEBUG=1",
					"$(inherited)",
				);
				GCC_WARN_64_TO_32_BIT_CONVERSION = YES;
				GCC_WARN_ABOUT_RETURN_TYPE = YES_ERROR;
				GCC_WARN_UNDECLARED_SELECTOR = YES;
				GCC_WARN_UNUSED_FUNCTION = YES;
				INFOPLIST_FILE = "RKGeonamesTests/RKGeonamesTests-Info.plist";
				LD_RUNPATH_SEARCH_PATHS = "$(inherited) @executable_path/Frameworks";
				PRODUCT_NAME = "$(TARGET_NAME)";
				SWIFT_OBJC_BRIDGING_HEADER = "RKGeonamesTests/RKGeonamesTests-Bridging-Header.h";
				SWIFT_OPTIMIZATION_LEVEL = "-Onone";
				WRAPPER_EXTENSION = app;
			};
			name = Debug;
		};
		0CD978631856BEBF00838DBF /* Release */ = {
			isa = XCBuildConfiguration;
			buildSettings = {
				ARCHS = "$(ARCHS_STANDARD_INCLUDING_64_BIT)";
				ASSETCATALOG_COMPILER_APPICON_NAME = AppIcon;
				ASSETCATALOG_COMPILER_LAUNCHIMAGE_NAME = LaunchImage;
				CLANG_ENABLE_MODULES = YES;
				CLANG_WARN_BOOL_CONVERSION = YES;
				CLANG_WARN_DIRECT_OBJC_ISA_USAGE = YES_ERROR;
				CLANG_WARN_OBJC_ROOT_CLASS = YES_ERROR;
				ENABLE_NS_ASSERTIONS = NO;
				GCC_PRECOMPILE_PREFIX_HEADER = YES;
				GCC_PREFIX_HEADER = "RKGeonamesTests/RKGeonamesTests-Prefix.pch";
				GCC_WARN_64_TO_32_BIT_CONVERSION = YES;
				GCC_WARN_ABOUT_RETURN_TYPE = YES_ERROR;
				GCC_WARN_UNDECLARED_SELECTOR = YES;
				GCC_WARN_UNUSED_FUNCTION = YES;
				INFOPLIST_FILE = "RKGeonamesTests/RKGeonamesTests-Info.plist";
				LD_RUNPATH_SEARCH_PATHS = "$(inherited) @executable_path/Frameworks";
				PRODUCT_NAME = "$(TARGET_NAME)";
				SWIFT_OBJC_BRIDGING_HEADER = "RKGeonamesTests/RKGeonamesTests-Bridging-Header.h";
				WRAPPER_EXTENSION = app;
			};
			name = Release;
		};
/* End XCBuildConfiguration section */

/* Begin XCConfigurationList section */
		0C4FA10117744BB800A48BA0 /* Build configuration list for PBXProject "RKGeonames" */ = {
			isa = XCConfigurationList;
			buildConfigurations = (
				0C4FA12717744BB800A48BA0 /* Debug */,
				0C4FA12817744BB800A48BA0 /* Release */,
			);
			defaultConfigurationIsVisible = 0;
			defaultConfigurationName = Release;
		};
		0C4FA12917744BB800A48BA0 /* Build configuration list for PBXNativeTarget "RKGeonames" */ = {
			isa = XCConfigurationList;
			buildConfigurations = (
				0C4FA12A17744BB800A48BA0 /* Debug */,
				0C4FA12B17744BB800A48BA0 /* Release */,
			);
			defaultConfigurationIsVisible = 0;
			defaultConfigurationName = Release;
		};
		0CD978661856BEBF00838DBF /* Build configuration list for PBXNativeTarget "RKGeonamesTests" */ = {
			isa = XCConfigurationList;
			buildConfigurations = (
				0CD978621856BEBF00838DBF /* Debug */,
				0CD978631856BEBF00838DBF /* Release */,
			);
			defaultConfigurationIsVisible = 0;
			defaultConfigurationName = Release;
		};
/* End XCConfigurationList section */
	};
	rootObject = 0C4FA0FE17744BB800A48BA0 /* Project object */;
}
