// !$*UTF8*$!
{
	archiveVersion = 1;
	classes = {
	};
	objectVersion = 46;
	objects = {

/* Begin PBXBuildFile section */
		0C0BDCED181F819B00E36E70 /* QuartzCore.framework in Frameworks */ = {isa = PBXBuildFile; fileRef = 0C0BDCEC181F819B00E36E70 /* QuartzCore.framework */; };
		0C1EB99E182096BF0093453C /* bandanaflag.jpg in Resources */ = {isa = PBXBuildFile; fileRef = 0C1EB99D182096BF0093453C /* bandanaflag.jpg */; };
		0C2247AF1781B74F00EA3AFF /* WorldBankIndicator.m in Sources */ = {isa = PBXBuildFile; fileRef = 0C2247AE1781B74F00EA3AFF /* WorldBankIndicator.m */; };
		0C376B0B17817AA100412F5F /* City.m in Sources */ = {isa = PBXBuildFile; fileRef = 0C376B0A17817AA100412F5F /* City.m */; };
		0C37DB40177D79A100F184BE /* RKCountryDetailsViewController.m in Sources */ = {isa = PBXBuildFile; fileRef = 0C37DB3F177D79A100F184BE /* RKCountryDetailsViewController.m */; };
		0C4368AA1784298100B61F76 /* RKGeonamesUtils.m in Sources */ = {isa = PBXBuildFile; fileRef = 0C4368A91784298100B61F76 /* RKGeonamesUtils.m */; };
		0C4FA10A17744BB800A48BA0 /* UIKit.framework in Frameworks */ = {isa = PBXBuildFile; fileRef = 0C4FA10917744BB800A48BA0 /* UIKit.framework */; };
		0C4FA10C17744BB800A48BA0 /* Foundation.framework in Frameworks */ = {isa = PBXBuildFile; fileRef = 0C4FA10B17744BB800A48BA0 /* Foundation.framework */; };
		0C4FA10E17744BB800A48BA0 /* CoreGraphics.framework in Frameworks */ = {isa = PBXBuildFile; fileRef = 0C4FA10D17744BB800A48BA0 /* CoreGraphics.framework */; };
		0C4FA11417744BB800A48BA0 /* InfoPlist.strings in Resources */ = {isa = PBXBuildFile; fileRef = 0C4FA11217744BB800A48BA0 /* InfoPlist.strings */; };
		0C4FA11617744BB800A48BA0 /* main.m in Sources */ = {isa = PBXBuildFile; fileRef = 0C4FA11517744BB800A48BA0 /* main.m */; };
		0C4FA11A17744BB800A48BA0 /* AppDelegate.m in Sources */ = {isa = PBXBuildFile; fileRef = 0C4FA11917744BB800A48BA0 /* AppDelegate.m */; };
		0C4FA11C17744BB800A48BA0 /* Default.png in Resources */ = {isa = PBXBuildFile; fileRef = 0C4FA11B17744BB800A48BA0 /* Default.png */; };
		0C4FA11E17744BB800A48BA0 /* Default@2x.png in Resources */ = {isa = PBXBuildFile; fileRef = 0C4FA11D17744BB800A48BA0 /* Default@2x.png */; };
		0C4FA12017744BB800A48BA0 /* Default-568h@2x.png in Resources */ = {isa = PBXBuildFile; fileRef = 0C4FA11F17744BB800A48BA0 /* Default-568h@2x.png */; };
		0C4FA12317744BB800A48BA0 /* MainStoryboard.storyboard in Resources */ = {isa = PBXBuildFile; fileRef = 0C4FA12117744BB800A48BA0 /* MainStoryboard.storyboard */; };
		0C4FA12E17744D7C00A48BA0 /* RKGeonamesViewController.m in Sources */ = {isa = PBXBuildFile; fileRef = 0C4FA12D17744D7C00A48BA0 /* RKGeonamesViewController.m */; };
		0C68AF021775C84B00A14896 /* RKGeonamesTableViewCell.m in Sources */ = {isa = PBXBuildFile; fileRef = 0C68AF011775C84B00A14896 /* RKGeonamesTableViewCell.m */; };
		0C68AF051775C8FE00A14896 /* Country.m in Sources */ = {isa = PBXBuildFile; fileRef = 0C68AF041775C8FE00A14896 /* Country.m */; };
		0C69CE25177C624C00951ADA /* RKGSplashScreenViewController.m in Sources */ = {isa = PBXBuildFile; fileRef = 0C69CE24177C624C00951ADA /* RKGSplashScreenViewController.m */; };
		0C69CE2C177C854A00951ADA /* world-map.png in Resources */ = {isa = PBXBuildFile; fileRef = 0C69CE29177C854A00951ADA /* world-map.png */; };
		0CAA7DD217E330F000E5CB22 /* AdministrationData.m in Sources */ = {isa = PBXBuildFile; fileRef = 0CAA7DD117E330F000E5CB22 /* AdministrationData.m */; };
		0CAA7DD517E334BE00E5CB22 /* AdministrationData+TableRepresentation.m in Sources */ = {isa = PBXBuildFile; fileRef = 0CAA7DD417E334BE00E5CB22 /* AdministrationData+TableRepresentation.m */; };
		0CAA7DD817E355A000E5CB22 /* DemographicData.m in Sources */ = {isa = PBXBuildFile; fileRef = 0CAA7DD717E355A000E5CB22 /* DemographicData.m */; };
		0CAA7DDB17E355C300E5CB22 /* DemographicData+TableRepresentation.m in Sources */ = {isa = PBXBuildFile; fileRef = 0CAA7DDA17E355C300E5CB22 /* DemographicData+TableRepresentation.m */; };
		0CAA7DDE17E355F100E5CB22 /* EconomyData.m in Sources */ = {isa = PBXBuildFile; fileRef = 0CAA7DDD17E355F100E5CB22 /* EconomyData.m */; };
		0CAA7DE117E3560900E5CB22 /* EconomyData+TableRepresentation.m in Sources */ = {isa = PBXBuildFile; fileRef = 0CAA7DE017E3560900E5CB22 /* EconomyData+TableRepresentation.m */; };
		0CCEC9191780334800A148CB /* RKGAdministrationViewController.m in Sources */ = {isa = PBXBuildFile; fileRef = 0CCEC9181780334800A148CB /* RKGAdministrationViewController.m */; };
		0CCEC91C1780335B00A148CB /* RKGDemographicsViewController.m in Sources */ = {isa = PBXBuildFile; fileRef = 0CCEC91B1780335B00A148CB /* RKGDemographicsViewController.m */; };
		0CCEC91F1780336E00A148CB /* RKGEconomicsViewController.m in Sources */ = {isa = PBXBuildFile; fileRef = 0CCEC91E1780336E00A148CB /* RKGEconomicsViewController.m */; };
		0CCEC922178034A100A148CB /* RKGDetailsViewController.m in Sources */ = {isa = PBXBuildFile; fileRef = 0CCEC921178034A100A148CB /* RKGDetailsViewController.m */; };
		0CCEC9251780883B00A148CB /* Timezone.m in Sources */ = {isa = PBXBuildFile; fileRef = 0CCEC9241780883B00A148CB /* Timezone.m */; };
		0CCEC92917808DBD00A148CB /* MappingProvider.m in Sources */ = {isa = PBXBuildFile; fileRef = 0CCEC92817808DBD00A148CB /* MappingProvider.m */; };
		0CD9783E1856BEBE00838DBF /* Foundation.framework in Frameworks */ = {isa = PBXBuildFile; fileRef = 0C4FA10B17744BB800A48BA0 /* Foundation.framework */; };
		0CD9783F1856BEBE00838DBF /* CoreGraphics.framework in Frameworks */ = {isa = PBXBuildFile; fileRef = 0C4FA10D17744BB800A48BA0 /* CoreGraphics.framework */; };
		0CD978401856BEBE00838DBF /* UIKit.framework in Frameworks */ = {isa = PBXBuildFile; fileRef = 0C4FA10917744BB800A48BA0 /* UIKit.framework */; };
		0CD978461856BEBE00838DBF /* InfoPlist.strings in Resources */ = {isa = PBXBuildFile; fileRef = 0CD978441856BEBE00838DBF /* InfoPlist.strings */; };
		0CD978481856BEBE00838DBF /* main.m in Sources */ = {isa = PBXBuildFile; fileRef = 0CD978471856BEBE00838DBF /* main.m */; };
		0CD978691856BEE700838DBF /* libPods.a in Frameworks */ = {isa = PBXBuildFile; fileRef = 0CD978681856BEE700838DBF /* libPods.a */; };
		0CD9786C1856BFD900838DBF /* RKGeonamesAPITests.m in Sources */ = {isa = PBXBuildFile; fileRef = 0CD9786B1856BFD900838DBF /* RKGeonamesAPITests.m */; };
		0CD9786E1856C12700838DBF /* libPods.a in Frameworks */ = {isa = PBXBuildFile; fileRef = 0CD9786D1856C12700838DBF /* libPods.a */; };
		0CD9786F1856C22100838DBF /* RKGeonamesUtils.m in Sources */ = {isa = PBXBuildFile; fileRef = 0C4368A91784298100B61F76 /* RKGeonamesUtils.m */; };
		0CD978701856C4B700838DBF /* MappingProvider.m in Sources */ = {isa = PBXBuildFile; fileRef = 0CCEC92817808DBD00A148CB /* MappingProvider.m */; };
		0CD978711856C4D000838DBF /* WorldBankIndicator.m in Sources */ = {isa = PBXBuildFile; fileRef = 0C2247AE1781B74F00EA3AFF /* WorldBankIndicator.m */; };
		0CD978721856C4D000838DBF /* City.m in Sources */ = {isa = PBXBuildFile; fileRef = 0C376B0A17817AA100412F5F /* City.m */; };
		0CD978731856C4D000838DBF /* Timezone.m in Sources */ = {isa = PBXBuildFile; fileRef = 0CCEC9241780883B00A148CB /* Timezone.m */; };
		0CD978741856C4D000838DBF /* Country.m in Sources */ = {isa = PBXBuildFile; fileRef = 0C68AF041775C8FE00A14896 /* Country.m */; };
		0CD978751856C4D000838DBF /* AdministrationData.m in Sources */ = {isa = PBXBuildFile; fileRef = 0CAA7DD117E330F000E5CB22 /* AdministrationData.m */; };
		0CD978761856C4D000838DBF /* DemographicData.m in Sources */ = {isa = PBXBuildFile; fileRef = 0CAA7DD717E355A000E5CB22 /* DemographicData.m */; };
		0CD978771856C4D000838DBF /* EconomyData.m in Sources */ = {isa = PBXBuildFile; fileRef = 0CAA7DDD17E355F100E5CB22 /* EconomyData.m */; };
		0CDDA16A18A329AD0093E6EE /* disclosure.png in Resources */ = {isa = PBXBuildFile; fileRef = 0CDDA16918A329AD0093E6EE /* disclosure.png */; };
		0CE4BE351888D735008EB49A /* Model.xcdatamodeld in Sources */ = {isa = PBXBuildFile; fileRef = 0CE4BE331888D735008EB49A /* Model.xcdatamodeld */; };
		0CE4BE3A1888DAB6008EB49A /* CoreData.framework in Frameworks */ = {isa = PBXBuildFile; fileRef = 0CE4BE391888DAB6008EB49A /* CoreData.framework */; };
		0CE51786189B21CE008F8F51 /* ManagedObjectStore.m in Sources */ = {isa = PBXBuildFile; fileRef = 0CE51785189B21CE008F8F51 /* ManagedObjectStore.m */; };
		0CFBA4BF18A06845007764F0 /* PopulationData.m in Sources */ = {isa = PBXBuildFile; fileRef = 0CFBA4BE18A06845007764F0 /* PopulationData.m */; };
		0CFBA4C218A06845007764F0 /* CountryData.m in Sources */ = {isa = PBXBuildFile; fileRef = 0CFBA4C118A06845007764F0 /* CountryData.m */; };
		0CFBA4C518A06845007764F0 /* EconomicalData.m in Sources */ = {isa = PBXBuildFile; fileRef = 0CFBA4C418A06845007764F0 /* EconomicalData.m */; };
/* End PBXBuildFile section */

/* Begin PBXFileReference section */
		0C0BDCEC181F819B00E36E70 /* QuartzCore.framework */ = {isa = PBXFileReference; lastKnownFileType = wrapper.framework; name = QuartzCore.framework; path = System/Library/Frameworks/QuartzCore.framework; sourceTree = SDKROOT; };
		0C1EB99D182096BF0093453C /* bandanaflag.jpg */ = {isa = PBXFileReference; lastKnownFileType = image.jpeg; path = bandanaflag.jpg; sourceTree = "<group>"; };
		0C1EB99F182099DA0093453C /* RKGeonamesConstants.h */ = {isa = PBXFileReference; fileEncoding = 4; lastKnownFileType = sourcecode.c.h; path = RKGeonamesConstants.h; sourceTree = "<group>"; };
		0C2247AD1781B74F00EA3AFF /* WorldBankIndicator.h */ = {isa = PBXFileReference; fileEncoding = 4; lastKnownFileType = sourcecode.c.h; path = WorldBankIndicator.h; sourceTree = "<group>"; };
		0C2247AE1781B74F00EA3AFF /* WorldBankIndicator.m */ = {isa = PBXFileReference; fileEncoding = 4; lastKnownFileType = sourcecode.c.objc; path = WorldBankIndicator.m; sourceTree = "<group>"; };
		0C376B0917817AA100412F5F /* City.h */ = {isa = PBXFileReference; fileEncoding = 4; lastKnownFileType = sourcecode.c.h; path = City.h; sourceTree = "<group>"; };
		0C376B0A17817AA100412F5F /* City.m */ = {isa = PBXFileReference; fileEncoding = 4; lastKnownFileType = sourcecode.c.objc; path = City.m; sourceTree = "<group>"; };
		0C37DB3E177D79A100F184BE /* RKCountryDetailsViewController.h */ = {isa = PBXFileReference; fileEncoding = 4; lastKnownFileType = sourcecode.c.h; path = RKCountryDetailsViewController.h; sourceTree = "<group>"; };
		0C37DB3F177D79A100F184BE /* RKCountryDetailsViewController.m */ = {isa = PBXFileReference; fileEncoding = 4; lastKnownFileType = sourcecode.c.objc; path = RKCountryDetailsViewController.m; sourceTree = "<group>"; };
		0C4368A81784298100B61F76 /* RKGeonamesUtils.h */ = {isa = PBXFileReference; fileEncoding = 4; lastKnownFileType = sourcecode.c.h; name = RKGeonamesUtils.h; path = RKGeonames/RKGeonamesUtils.h; sourceTree = "<group>"; };
		0C4368A91784298100B61F76 /* RKGeonamesUtils.m */ = {isa = PBXFileReference; fileEncoding = 4; lastKnownFileType = sourcecode.c.objc; name = RKGeonamesUtils.m; path = RKGeonames/RKGeonamesUtils.m; sourceTree = "<group>"; };
		0C4FA10617744BB800A48BA0 /* RKGeonames.app */ = {isa = PBXFileReference; explicitFileType = wrapper.application; includeInIndex = 0; path = RKGeonames.app; sourceTree = BUILT_PRODUCTS_DIR; };
		0C4FA10917744BB800A48BA0 /* UIKit.framework */ = {isa = PBXFileReference; lastKnownFileType = wrapper.framework; name = UIKit.framework; path = System/Library/Frameworks/UIKit.framework; sourceTree = SDKROOT; };
		0C4FA10B17744BB800A48BA0 /* Foundation.framework */ = {isa = PBXFileReference; lastKnownFileType = wrapper.framework; name = Foundation.framework; path = System/Library/Frameworks/Foundation.framework; sourceTree = SDKROOT; };
		0C4FA10D17744BB800A48BA0 /* CoreGraphics.framework */ = {isa = PBXFileReference; lastKnownFileType = wrapper.framework; name = CoreGraphics.framework; path = System/Library/Frameworks/CoreGraphics.framework; sourceTree = SDKROOT; };
		0C4FA11117744BB800A48BA0 /* RKGeonames-Info.plist */ = {isa = PBXFileReference; lastKnownFileType = text.plist.xml; path = "RKGeonames-Info.plist"; sourceTree = "<group>"; };
		0C4FA11317744BB800A48BA0 /* en */ = {isa = PBXFileReference; lastKnownFileType = text.plist.strings; name = en; path = en.lproj/InfoPlist.strings; sourceTree = "<group>"; };
		0C4FA11517744BB800A48BA0 /* main.m */ = {isa = PBXFileReference; lastKnownFileType = sourcecode.c.objc; path = main.m; sourceTree = "<group>"; };
		0C4FA11717744BB800A48BA0 /* RKGeonames-Prefix.pch */ = {isa = PBXFileReference; lastKnownFileType = sourcecode.c.h; path = "RKGeonames-Prefix.pch"; sourceTree = "<group>"; };
		0C4FA11817744BB800A48BA0 /* AppDelegate.h */ = {isa = PBXFileReference; lastKnownFileType = sourcecode.c.h; path = AppDelegate.h; sourceTree = "<group>"; };
		0C4FA11917744BB800A48BA0 /* AppDelegate.m */ = {isa = PBXFileReference; lastKnownFileType = sourcecode.c.objc; path = AppDelegate.m; sourceTree = "<group>"; };
		0C4FA11B17744BB800A48BA0 /* Default.png */ = {isa = PBXFileReference; lastKnownFileType = image.png; path = Default.png; sourceTree = "<group>"; };
		0C4FA11D17744BB800A48BA0 /* Default@2x.png */ = {isa = PBXFileReference; lastKnownFileType = image.png; path = "Default@2x.png"; sourceTree = "<group>"; };
		0C4FA11F17744BB800A48BA0 /* Default-568h@2x.png */ = {isa = PBXFileReference; lastKnownFileType = image.png; path = "Default-568h@2x.png"; sourceTree = "<group>"; };
		0C4FA12217744BB800A48BA0 /* en */ = {isa = PBXFileReference; lastKnownFileType = file.storyboard; name = en; path = en.lproj/MainStoryboard.storyboard; sourceTree = "<group>"; };
		0C4FA12C17744D7C00A48BA0 /* RKGeonamesViewController.h */ = {isa = PBXFileReference; fileEncoding = 4; lastKnownFileType = sourcecode.c.h; path = RKGeonamesViewController.h; sourceTree = "<group>"; };
		0C4FA12D17744D7C00A48BA0 /* RKGeonamesViewController.m */ = {isa = PBXFileReference; fileEncoding = 4; lastKnownFileType = sourcecode.c.objc; path = RKGeonamesViewController.m; sourceTree = "<group>"; };
		0C68AF001775C84B00A14896 /* RKGeonamesTableViewCell.h */ = {isa = PBXFileReference; fileEncoding = 4; lastKnownFileType = sourcecode.c.h; path = RKGeonamesTableViewCell.h; sourceTree = "<group>"; };
		0C68AF011775C84B00A14896 /* RKGeonamesTableViewCell.m */ = {isa = PBXFileReference; fileEncoding = 4; lastKnownFileType = sourcecode.c.objc; path = RKGeonamesTableViewCell.m; sourceTree = "<group>"; };
		0C68AF031775C8FE00A14896 /* Country.h */ = {isa = PBXFileReference; fileEncoding = 4; lastKnownFileType = sourcecode.c.h; path = Country.h; sourceTree = "<group>"; };
		0C68AF041775C8FE00A14896 /* Country.m */ = {isa = PBXFileReference; fileEncoding = 4; lastKnownFileType = sourcecode.c.objc; path = Country.m; sourceTree = "<group>"; };
		0C69CE23177C624C00951ADA /* RKGSplashScreenViewController.h */ = {isa = PBXFileReference; fileEncoding = 4; lastKnownFileType = sourcecode.c.h; path = RKGSplashScreenViewController.h; sourceTree = "<group>"; };
		0C69CE24177C624C00951ADA /* RKGSplashScreenViewController.m */ = {isa = PBXFileReference; fileEncoding = 4; lastKnownFileType = sourcecode.c.objc; path = RKGSplashScreenViewController.m; sourceTree = "<group>"; };
		0C69CE29177C854A00951ADA /* world-map.png */ = {isa = PBXFileReference; lastKnownFileType = image.png; name = "world-map.png"; path = "RKGeonames/world-map.png"; sourceTree = "<group>"; };
		0C895E5C189490C700900269 /* Singleton.h */ = {isa = PBXFileReference; lastKnownFileType = sourcecode.c.h; path = Singleton.h; sourceTree = "<group>"; };
		0CAA7DD017E330F000E5CB22 /* AdministrationData.h */ = {isa = PBXFileReference; fileEncoding = 4; lastKnownFileType = sourcecode.c.h; path = AdministrationData.h; sourceTree = "<group>"; };
		0CAA7DD117E330F000E5CB22 /* AdministrationData.m */ = {isa = PBXFileReference; fileEncoding = 4; lastKnownFileType = sourcecode.c.objc; path = AdministrationData.m; sourceTree = "<group>"; };
		0CAA7DD317E334BE00E5CB22 /* AdministrationData+TableRepresentation.h */ = {isa = PBXFileReference; fileEncoding = 4; lastKnownFileType = sourcecode.c.h; path = "AdministrationData+TableRepresentation.h"; sourceTree = "<group>"; };
		0CAA7DD417E334BE00E5CB22 /* AdministrationData+TableRepresentation.m */ = {isa = PBXFileReference; fileEncoding = 4; lastKnownFileType = sourcecode.c.objc; path = "AdministrationData+TableRepresentation.m"; sourceTree = "<group>"; };
		0CAA7DD617E355A000E5CB22 /* DemographicData.h */ = {isa = PBXFileReference; fileEncoding = 4; lastKnownFileType = sourcecode.c.h; path = DemographicData.h; sourceTree = "<group>"; };
		0CAA7DD717E355A000E5CB22 /* DemographicData.m */ = {isa = PBXFileReference; fileEncoding = 4; lastKnownFileType = sourcecode.c.objc; path = DemographicData.m; sourceTree = "<group>"; };
		0CAA7DD917E355C300E5CB22 /* DemographicData+TableRepresentation.h */ = {isa = PBXFileReference; fileEncoding = 4; lastKnownFileType = sourcecode.c.h; path = "DemographicData+TableRepresentation.h"; sourceTree = "<group>"; };
		0CAA7DDA17E355C300E5CB22 /* DemographicData+TableRepresentation.m */ = {isa = PBXFileReference; fileEncoding = 4; lastKnownFileType = sourcecode.c.objc; path = "DemographicData+TableRepresentation.m"; sourceTree = "<group>"; };
		0CAA7DDC17E355F100E5CB22 /* EconomyData.h */ = {isa = PBXFileReference; fileEncoding = 4; lastKnownFileType = sourcecode.c.h; path = EconomyData.h; sourceTree = "<group>"; };
		0CAA7DDD17E355F100E5CB22 /* EconomyData.m */ = {isa = PBXFileReference; fileEncoding = 4; lastKnownFileType = sourcecode.c.objc; path = EconomyData.m; sourceTree = "<group>"; };
		0CAA7DDF17E3560900E5CB22 /* EconomyData+TableRepresentation.h */ = {isa = PBXFileReference; fileEncoding = 4; lastKnownFileType = sourcecode.c.h; path = "EconomyData+TableRepresentation.h"; sourceTree = "<group>"; };
		0CAA7DE017E3560900E5CB22 /* EconomyData+TableRepresentation.m */ = {isa = PBXFileReference; fileEncoding = 4; lastKnownFileType = sourcecode.c.objc; path = "EconomyData+TableRepresentation.m"; sourceTree = "<group>"; };
		0CCEC9171780334800A148CB /* RKGAdministrationViewController.h */ = {isa = PBXFileReference; fileEncoding = 4; lastKnownFileType = sourcecode.c.h; path = RKGAdministrationViewController.h; sourceTree = "<group>"; };
		0CCEC9181780334800A148CB /* RKGAdministrationViewController.m */ = {isa = PBXFileReference; fileEncoding = 4; lastKnownFileType = sourcecode.c.objc; path = RKGAdministrationViewController.m; sourceTree = "<group>"; };
		0CCEC91A1780335B00A148CB /* RKGDemographicsViewController.h */ = {isa = PBXFileReference; fileEncoding = 4; lastKnownFileType = sourcecode.c.h; path = RKGDemographicsViewController.h; sourceTree = "<group>"; };
		0CCEC91B1780335B00A148CB /* RKGDemographicsViewController.m */ = {isa = PBXFileReference; fileEncoding = 4; lastKnownFileType = sourcecode.c.objc; path = RKGDemographicsViewController.m; sourceTree = "<group>"; };
		0CCEC91D1780336E00A148CB /* RKGEconomicsViewController.h */ = {isa = PBXFileReference; fileEncoding = 4; lastKnownFileType = sourcecode.c.h; path = RKGEconomicsViewController.h; sourceTree = "<group>"; };
		0CCEC91E1780336E00A148CB /* RKGEconomicsViewController.m */ = {isa = PBXFileReference; fileEncoding = 4; lastKnownFileType = sourcecode.c.objc; path = RKGEconomicsViewController.m; sourceTree = "<group>"; };
		0CCEC920178034A100A148CB /* RKGDetailsViewController.h */ = {isa = PBXFileReference; fileEncoding = 4; lastKnownFileType = sourcecode.c.h; path = RKGDetailsViewController.h; sourceTree = "<group>"; };
		0CCEC921178034A100A148CB /* RKGDetailsViewController.m */ = {isa = PBXFileReference; fileEncoding = 4; lastKnownFileType = sourcecode.c.objc; path = RKGDetailsViewController.m; sourceTree = "<group>"; };
		0CCEC9231780883B00A148CB /* Timezone.h */ = {isa = PBXFileReference; fileEncoding = 4; lastKnownFileType = sourcecode.c.h; path = Timezone.h; sourceTree = "<group>"; };
		0CCEC9241780883B00A148CB /* Timezone.m */ = {isa = PBXFileReference; fileEncoding = 4; lastKnownFileType = sourcecode.c.objc; path = Timezone.m; sourceTree = "<group>"; };
		0CCEC92717808DBD00A148CB /* MappingProvider.h */ = {isa = PBXFileReference; fileEncoding = 4; lastKnownFileType = sourcecode.c.h; name = MappingProvider.h; path = RKGeonames/MappingProvider.h; sourceTree = "<group>"; };
		0CCEC92817808DBD00A148CB /* MappingProvider.m */ = {isa = PBXFileReference; fileEncoding = 4; lastKnownFileType = sourcecode.c.objc; name = MappingProvider.m; path = RKGeonames/MappingProvider.m; sourceTree = "<group>"; };
		0CD9783D1856BEBE00838DBF /* RKGeonamesTests.app */ = {isa = PBXFileReference; explicitFileType = wrapper.application; includeInIndex = 0; path = RKGeonamesTests.app; sourceTree = BUILT_PRODUCTS_DIR; };
		0CD978431856BEBE00838DBF /* RKGeonamesTests-Info.plist */ = {isa = PBXFileReference; lastKnownFileType = text.plist.xml; path = "RKGeonamesTests-Info.plist"; sourceTree = "<group>"; };
		0CD978451856BEBE00838DBF /* en */ = {isa = PBXFileReference; lastKnownFileType = text.plist.strings; name = en; path = en.lproj/InfoPlist.strings; sourceTree = "<group>"; };
		0CD978471856BEBE00838DBF /* main.m */ = {isa = PBXFileReference; lastKnownFileType = sourcecode.c.objc; path = main.m; sourceTree = "<group>"; };
		0CD978491856BEBE00838DBF /* RKGeonamesTests-Prefix.pch */ = {isa = PBXFileReference; lastKnownFileType = sourcecode.c.h; path = "RKGeonamesTests-Prefix.pch"; sourceTree = "<group>"; };
		0CD978681856BEE700838DBF /* libPods.a */ = {isa = PBXFileReference; lastKnownFileType = archive.ar; name = libPods.a; path = "Pods/build/Debug-iphoneos/libPods.a"; sourceTree = "<group>"; };
		0CD9786B1856BFD900838DBF /* RKGeonamesAPITests.m */ = {isa = PBXFileReference; fileEncoding = 4; lastKnownFileType = sourcecode.c.objc; path = RKGeonamesAPITests.m; sourceTree = "<group>"; };
		0CD9786D1856C12700838DBF /* libPods.a */ = {isa = PBXFileReference; lastKnownFileType = archive.ar; name = libPods.a; path = "Pods/build/Debug-iphoneos/libPods.a"; sourceTree = "<group>"; };
		0CDDA16918A329AD0093E6EE /* disclosure.png */ = {isa = PBXFileReference; lastKnownFileType = image.png; name = disclosure.png; path = ../../../../Downloads/disclosure.png; sourceTree = "<group>"; };
		0CE4BE341888D735008EB49A /* Model.xcdatamodel */ = {isa = PBXFileReference; lastKnownFileType = wrapper.xcdatamodel; path = Model.xcdatamodel; sourceTree = "<group>"; };
		0CE4BE391888DAB6008EB49A /* CoreData.framework */ = {isa = PBXFileReference; lastKnownFileType = wrapper.framework; name = CoreData.framework; path = System/Library/Frameworks/CoreData.framework; sourceTree = SDKROOT; };
		0CE51784189B21CE008F8F51 /* ManagedObjectStore.h */ = {isa = PBXFileReference; fileEncoding = 4; lastKnownFileType = sourcecode.c.h; path = ManagedObjectStore.h; sourceTree = "<group>"; };
		0CE51785189B21CE008F8F51 /* ManagedObjectStore.m */ = {isa = PBXFileReference; fileEncoding = 4; lastKnownFileType = sourcecode.c.objc; path = ManagedObjectStore.m; sourceTree = "<group>"; };
		0CFBA4BD18A06845007764F0 /* PopulationData.h */ = {isa = PBXFileReference; fileEncoding = 4; lastKnownFileType = sourcecode.c.h; path = PopulationData.h; sourceTree = "<group>"; };
		0CFBA4BE18A06845007764F0 /* PopulationData.m */ = {isa = PBXFileReference; fileEncoding = 4; lastKnownFileType = sourcecode.c.objc; path = PopulationData.m; sourceTree = "<group>"; };
		0CFBA4C018A06845007764F0 /* CountryData.h */ = {isa = PBXFileReference; fileEncoding = 4; lastKnownFileType = sourcecode.c.h; path = CountryData.h; sourceTree = "<group>"; };
		0CFBA4C118A06845007764F0 /* CountryData.m */ = {isa = PBXFileReference; fileEncoding = 4; lastKnownFileType = sourcecode.c.objc; path = CountryData.m; sourceTree = "<group>"; };
		0CFBA4C318A06845007764F0 /* EconomicalData.h */ = {isa = PBXFileReference; fileEncoding = 4; lastKnownFileType = sourcecode.c.h; path = EconomicalData.h; sourceTree = "<group>"; };
		0CFBA4C418A06845007764F0 /* EconomicalData.m */ = {isa = PBXFileReference; fileEncoding = 4; lastKnownFileType = sourcecode.c.objc; path = EconomicalData.m; sourceTree = "<group>"; };
		B487009349BE4E35B272E03C /* Pods.xcconfig */ = {isa = PBXFileReference; includeInIndex = 1; lastKnownFileType = text.xcconfig; name = Pods.xcconfig; path = Pods/Pods.xcconfig; sourceTree = SOURCE_ROOT; };
/* End PBXFileReference section */

/* Begin PBXFrameworksBuildPhase section */
		0C4FA10317744BB800A48BA0 /* Frameworks */ = {
			isa = PBXFrameworksBuildPhase;
			buildActionMask = 2147483647;
			files = (
				0CE4BE3A1888DAB6008EB49A /* CoreData.framework in Frameworks */,
				0CD9786E1856C12700838DBF /* libPods.a in Frameworks */,
				0C0BDCED181F819B00E36E70 /* QuartzCore.framework in Frameworks */,
				0C4FA10A17744BB800A48BA0 /* UIKit.framework in Frameworks */,
				0C4FA10C17744BB800A48BA0 /* Foundation.framework in Frameworks */,
				0C4FA10E17744BB800A48BA0 /* CoreGraphics.framework in Frameworks */,
			);
			runOnlyForDeploymentPostprocessing = 0;
		};
		0CD9783A1856BEBE00838DBF /* Frameworks */ = {
			isa = PBXFrameworksBuildPhase;
			buildActionMask = 2147483647;
			files = (
				0CD978691856BEE700838DBF /* libPods.a in Frameworks */,
				0CD9783F1856BEBE00838DBF /* CoreGraphics.framework in Frameworks */,
				0CD978401856BEBE00838DBF /* UIKit.framework in Frameworks */,
				0CD9783E1856BEBE00838DBF /* Foundation.framework in Frameworks */,
			);
			runOnlyForDeploymentPostprocessing = 0;
		};
/* End PBXFrameworksBuildPhase section */

/* Begin PBXGroup section */
		0C4FA0FD17744BB800A48BA0 = {
			isa = PBXGroup;
			children = (
				0C895E5C189490C700900269 /* Singleton.h */,
				0C4368A81784298100B61F76 /* RKGeonamesUtils.h */,
				0C4368A91784298100B61F76 /* RKGeonamesUtils.m */,
				0CCEC92717808DBD00A148CB /* MappingProvider.h */,
				0CCEC92817808DBD00A148CB /* MappingProvider.m */,
				0C69CE29177C854A00951ADA /* world-map.png */,
				0C4FA10F17744BB800A48BA0 /* RKGeonames */,
				0CD978411856BEBE00838DBF /* RKGeonamesTests */,
				0C4FA10817744BB800A48BA0 /* Frameworks */,
				0C4FA10717744BB800A48BA0 /* Products */,
				B487009349BE4E35B272E03C /* Pods.xcconfig */,
			);
			sourceTree = "<group>";
		};
		0C4FA10717744BB800A48BA0 /* Products */ = {
			isa = PBXGroup;
			children = (
				0C4FA10617744BB800A48BA0 /* RKGeonames.app */,
				0CD9783D1856BEBE00838DBF /* RKGeonamesTests.app */,
			);
			name = Products;
			sourceTree = "<group>";
		};
		0C4FA10817744BB800A48BA0 /* Frameworks */ = {
			isa = PBXGroup;
			children = (
				0CE4BE391888DAB6008EB49A /* CoreData.framework */,
				0CD9786D1856C12700838DBF /* libPods.a */,
				0CD978681856BEE700838DBF /* libPods.a */,
				0C0BDCEC181F819B00E36E70 /* QuartzCore.framework */,
				0C4FA10917744BB800A48BA0 /* UIKit.framework */,
				0C4FA10B17744BB800A48BA0 /* Foundation.framework */,
				0C4FA10D17744BB800A48BA0 /* CoreGraphics.framework */,
			);
			name = Frameworks;
			sourceTree = "<group>";
		};
		0C4FA10F17744BB800A48BA0 /* RKGeonames */ = {
			isa = PBXGroup;
			children = (
				0CAA7DCF17E328EC00E5CB22 /* Models */,
				0CCEC9261780890A00A148CB /* Controllers */,
				0C4FA11817744BB800A48BA0 /* AppDelegate.h */,
				0C4FA11917744BB800A48BA0 /* AppDelegate.m */,
				0C4FA12117744BB800A48BA0 /* MainStoryboard.storyboard */,
				0C4FA11017744BB800A48BA0 /* Supporting Files */,
				0C68AF001775C84B00A14896 /* RKGeonamesTableViewCell.h */,
				0C68AF011775C84B00A14896 /* RKGeonamesTableViewCell.m */,
				0C1EB99F182099DA0093453C /* RKGeonamesConstants.h */,
			);
			path = RKGeonames;
			sourceTree = "<group>";
		};
		0C4FA11017744BB800A48BA0 /* Supporting Files */ = {
			isa = PBXGroup;
			children = (
				0C1EB99D182096BF0093453C /* bandanaflag.jpg */,
				0CDDA16918A329AD0093E6EE /* disclosure.png */,
				0C4FA11117744BB800A48BA0 /* RKGeonames-Info.plist */,
				0C4FA11217744BB800A48BA0 /* InfoPlist.strings */,
				0C4FA11517744BB800A48BA0 /* main.m */,
				0C4FA11717744BB800A48BA0 /* RKGeonames-Prefix.pch */,
				0C4FA11B17744BB800A48BA0 /* Default.png */,
				0C4FA11D17744BB800A48BA0 /* Default@2x.png */,
				0C4FA11F17744BB800A48BA0 /* Default-568h@2x.png */,
			);
			name = "Supporting Files";
			sourceTree = "<group>";
		};
		0CAA7DCF17E328EC00E5CB22 /* Models */ = {
			isa = PBXGroup;
			children = (
				0CE4BE331888D735008EB49A /* Model.xcdatamodeld */,
				0CFBA4C318A06845007764F0 /* EconomicalData.h */,
				0CFBA4C418A06845007764F0 /* EconomicalData.m */,
				0CFBA4C018A06845007764F0 /* CountryData.h */,
				0CFBA4C118A06845007764F0 /* CountryData.m */,
				0CFBA4BD18A06845007764F0 /* PopulationData.h */,
				0CFBA4BE18A06845007764F0 /* PopulationData.m */,
				0C2247AD1781B74F00EA3AFF /* WorldBankIndicator.h */,
				0C2247AE1781B74F00EA3AFF /* WorldBankIndicator.m */,
				0C376B0917817AA100412F5F /* City.h */,
				0C376B0A17817AA100412F5F /* City.m */,
				0CCEC9231780883B00A148CB /* Timezone.h */,
				0CCEC9241780883B00A148CB /* Timezone.m */,
				0C68AF031775C8FE00A14896 /* Country.h */,
				0C68AF041775C8FE00A14896 /* Country.m */,
				0CAA7DD017E330F000E5CB22 /* AdministrationData.h */,
				0CAA7DD117E330F000E5CB22 /* AdministrationData.m */,
				0CAA7DD317E334BE00E5CB22 /* AdministrationData+TableRepresentation.h */,
				0CAA7DD417E334BE00E5CB22 /* AdministrationData+TableRepresentation.m */,
				0CAA7DD617E355A000E5CB22 /* DemographicData.h */,
				0CAA7DD717E355A000E5CB22 /* DemographicData.m */,
				0CAA7DD917E355C300E5CB22 /* DemographicData+TableRepresentation.h */,
				0CAA7DDA17E355C300E5CB22 /* DemographicData+TableRepresentation.m */,
				0CAA7DDC17E355F100E5CB22 /* EconomyData.h */,
				0CAA7DDD17E355F100E5CB22 /* EconomyData.m */,
				0CAA7DDF17E3560900E5CB22 /* EconomyData+TableRepresentation.h */,
				0CAA7DE017E3560900E5CB22 /* EconomyData+TableRepresentation.m */,
				0CE51784189B21CE008F8F51 /* ManagedObjectStore.h */,
				0CE51785189B21CE008F8F51 /* ManagedObjectStore.m */,
			);
			name = Models;
			sourceTree = "<group>";
		};
		0CCEC9261780890A00A148CB /* Controllers */ = {
			isa = PBXGroup;
			children = (
				0C4FA12C17744D7C00A48BA0 /* RKGeonamesViewController.h */,
				0C4FA12D17744D7C00A48BA0 /* RKGeonamesViewController.m */,
				0CCEC920178034A100A148CB /* RKGDetailsViewController.h */,
				0CCEC921178034A100A148CB /* RKGDetailsViewController.m */,
				0CCEC91D1780336E00A148CB /* RKGEconomicsViewController.h */,
				0CCEC91E1780336E00A148CB /* RKGEconomicsViewController.m */,
				0CCEC91A1780335B00A148CB /* RKGDemographicsViewController.h */,
				0CCEC91B1780335B00A148CB /* RKGDemographicsViewController.m */,
				0CCEC9171780334800A148CB /* RKGAdministrationViewController.h */,
				0CCEC9181780334800A148CB /* RKGAdministrationViewController.m */,
				0C37DB3E177D79A100F184BE /* RKCountryDetailsViewController.h */,
				0C37DB3F177D79A100F184BE /* RKCountryDetailsViewController.m */,
				0C69CE23177C624C00951ADA /* RKGSplashScreenViewController.h */,
				0C69CE24177C624C00951ADA /* RKGSplashScreenViewController.m */,
			);
			name = Controllers;
			sourceTree = "<group>";
		};
		0CD978411856BEBE00838DBF /* RKGeonamesTests */ = {
			isa = PBXGroup;
			children = (
				0CD978421856BEBE00838DBF /* Supporting Files */,
			);
			path = RKGeonamesTests;
			sourceTree = "<group>";
		};
		0CD978421856BEBE00838DBF /* Supporting Files */ = {
			isa = PBXGroup;
			children = (
				0CD978431856BEBE00838DBF /* RKGeonamesTests-Info.plist */,
				0CD978441856BEBE00838DBF /* InfoPlist.strings */,
				0CD978471856BEBE00838DBF /* main.m */,
				0CD978491856BEBE00838DBF /* RKGeonamesTests-Prefix.pch */,
				0CD9786B1856BFD900838DBF /* RKGeonamesAPITests.m */,
			);
			name = "Supporting Files";
			sourceTree = "<group>";
		};
/* End PBXGroup section */

/* Begin PBXNativeTarget section */
		0C4FA10517744BB800A48BA0 /* RKGeonames */ = {
			isa = PBXNativeTarget;
			buildConfigurationList = 0C4FA12917744BB800A48BA0 /* Build configuration list for PBXNativeTarget "RKGeonames" */;
			buildPhases = (
				1D8ED7A005174CC7A40B7FA4 /* Check Pods Manifest.lock */,
				0C4FA10217744BB800A48BA0 /* Sources */,
				0C4FA10317744BB800A48BA0 /* Frameworks */,
				0C4FA10417744BB800A48BA0 /* Resources */,
				C02B2F909E57470ABA491A2D /* Copy Pods Resources */,
			);
			buildRules = (
			);
			dependencies = (
			);
			name = RKGeonames;
			productName = RKGeonames;
			productReference = 0C4FA10617744BB800A48BA0 /* RKGeonames.app */;
			productType = "com.apple.product-type.application";
		};
		0CD9783C1856BEBE00838DBF /* RKGeonamesTests */ = {
			isa = PBXNativeTarget;
			buildConfigurationList = 0CD978661856BEBF00838DBF /* Build configuration list for PBXNativeTarget "RKGeonamesTests" */;
			buildPhases = (
				0CD978391856BEBE00838DBF /* Sources */,
				0CD9783A1856BEBE00838DBF /* Frameworks */,
				0CD9783B1856BEBE00838DBF /* Resources */,
			);
			buildRules = (
			);
			dependencies = (
			);
			name = RKGeonamesTests;
			productName = RKGeonamesTests;
			productReference = 0CD9783D1856BEBE00838DBF /* RKGeonamesTests.app */;
			productType = "com.apple.product-type.application";
		};
/* End PBXNativeTarget section */

/* Begin PBXProject section */
		0C4FA0FE17744BB800A48BA0 /* Project object */ = {
			isa = PBXProject;
			attributes = {
				LastUpgradeCheck = 0460;
				ORGANIZATIONNAME = "Stefan Burettea";
			};
			buildConfigurationList = 0C4FA10117744BB800A48BA0 /* Build configuration list for PBXProject "RKGeonames" */;
			compatibilityVersion = "Xcode 3.2";
			developmentRegion = English;
			hasScannedForEncodings = 0;
			knownRegions = (
				en,
			);
			mainGroup = 0C4FA0FD17744BB800A48BA0;
			productRefGroup = 0C4FA10717744BB800A48BA0 /* Products */;
			projectDirPath = "";
			projectRoot = "";
			targets = (
				0C4FA10517744BB800A48BA0 /* RKGeonames */,
				0CD9783C1856BEBE00838DBF /* RKGeonamesTests */,
			);
		};
/* End PBXProject section */

/* Begin PBXResourcesBuildPhase section */
		0C4FA10417744BB800A48BA0 /* Resources */ = {
			isa = PBXResourcesBuildPhase;
			buildActionMask = 2147483647;
			files = (
				0C4FA11417744BB800A48BA0 /* InfoPlist.strings in Resources */,
				0C4FA11C17744BB800A48BA0 /* Default.png in Resources */,
				0C4FA11E17744BB800A48BA0 /* Default@2x.png in Resources */,
				0C4FA12017744BB800A48BA0 /* Default-568h@2x.png in Resources */,
				0C4FA12317744BB800A48BA0 /* MainStoryboard.storyboard in Resources */,
				0CDDA16A18A329AD0093E6EE /* disclosure.png in Resources */,
				0C1EB99E182096BF0093453C /* bandanaflag.jpg in Resources */,
				0C69CE2C177C854A00951ADA /* world-map.png in Resources */,
			);
			runOnlyForDeploymentPostprocessing = 0;
		};
		0CD9783B1856BEBE00838DBF /* Resources */ = {
			isa = PBXResourcesBuildPhase;
			buildActionMask = 2147483647;
			files = (
				0CD978461856BEBE00838DBF /* InfoPlist.strings in Resources */,
			);
			runOnlyForDeploymentPostprocessing = 0;
		};
/* End PBXResourcesBuildPhase section */

/* Begin PBXShellScriptBuildPhase section */
		1D8ED7A005174CC7A40B7FA4 /* Check Pods Manifest.lock */ = {
			isa = PBXShellScriptBuildPhase;
			buildActionMask = 2147483647;
			files = (
			);
			inputPaths = (
			);
			name = "Check Pods Manifest.lock";
			outputPaths = (
			);
			runOnlyForDeploymentPostprocessing = 0;
			shellPath = /bin/sh;
			shellScript = "diff \"${PODS_ROOT}/../Podfile.lock\" \"${PODS_ROOT}/Manifest.lock\" > /dev/null\nif [[ $? != 0 ]] ; then\n    cat << EOM\nerror: The sandbox is not in sync with the Podfile.lock. Run 'pod install' or update your CocoaPods installation.\nEOM\n    exit 1\nfi\n";
		};
		C02B2F909E57470ABA491A2D /* Copy Pods Resources */ = {
			isa = PBXShellScriptBuildPhase;
			buildActionMask = 2147483647;
			files = (
			);
			inputPaths = (
			);
			name = "Copy Pods Resources";
			outputPaths = (
			);
			runOnlyForDeploymentPostprocessing = 0;
			shellPath = /bin/sh;
			shellScript = "\"${SRCROOT}/Pods/Pods-resources.sh\"\n";
		};
/* End PBXShellScriptBuildPhase section */

/* Begin PBXSourcesBuildPhase section */
		0C4FA10217744BB800A48BA0 /* Sources */ = {
			isa = PBXSourcesBuildPhase;
			buildActionMask = 2147483647;
			files = (
				0C4FA11617744BB800A48BA0 /* main.m in Sources */,
				0CE4BE351888D735008EB49A /* Model.xcdatamodeld in Sources */,
				0C4FA11A17744BB800A48BA0 /* AppDelegate.m in Sources */,
				0C4FA12E17744D7C00A48BA0 /* RKGeonamesViewController.m in Sources */,
				0C68AF021775C84B00A14896 /* RKGeonamesTableViewCell.m in Sources */,
				0C68AF051775C8FE00A14896 /* Country.m in Sources */,
				0CFBA4C218A06845007764F0 /* CountryData.m in Sources */,
				0C69CE25177C624C00951ADA /* RKGSplashScreenViewController.m in Sources */,
				0C37DB40177D79A100F184BE /* RKCountryDetailsViewController.m in Sources */,
				0CCEC9191780334800A148CB /* RKGAdministrationViewController.m in Sources */,
				0CCEC91C1780335B00A148CB /* RKGDemographicsViewController.m in Sources */,
				0CCEC91F1780336E00A148CB /* RKGEconomicsViewController.m in Sources */,
				0CCEC922178034A100A148CB /* RKGDetailsViewController.m in Sources */,
				0CCEC9251780883B00A148CB /* Timezone.m in Sources */,
				0CCEC92917808DBD00A148CB /* MappingProvider.m in Sources */,
				0CFBA4BF18A06845007764F0 /* PopulationData.m in Sources */,
				0CE51786189B21CE008F8F51 /* ManagedObjectStore.m in Sources */,
				0C376B0B17817AA100412F5F /* City.m in Sources */,
				0C2247AF1781B74F00EA3AFF /* WorldBankIndicator.m in Sources */,
				0C4368AA1784298100B61F76 /* RKGeonamesUtils.m in Sources */,
				0CFBA4C518A06845007764F0 /* EconomicalData.m in Sources */,
				0CAA7DD217E330F000E5CB22 /* AdministrationData.m in Sources */,
				0CAA7DD517E334BE00E5CB22 /* AdministrationData+TableRepresentation.m in Sources */,
				0CAA7DD817E355A000E5CB22 /* DemographicData.m in Sources */,
				0CAA7DDB17E355C300E5CB22 /* DemographicData+TableRepresentation.m in Sources */,
				0CAA7DDE17E355F100E5CB22 /* EconomyData.m in Sources */,
				0CAA7DE117E3560900E5CB22 /* EconomyData+TableRepresentation.m in Sources */,
			);
			runOnlyForDeploymentPostprocessing = 0;
		};
		0CD978391856BEBE00838DBF /* Sources */ = {
			isa = PBXSourcesBuildPhase;
			buildActionMask = 2147483647;
			files = (
				0CD978741856C4D000838DBF /* Country.m in Sources */,
				0CD978771856C4D000838DBF /* EconomyData.m in Sources */,
				0CD9786C1856BFD900838DBF /* RKGeonamesAPITests.m in Sources */,
				0CD978481856BEBE00838DBF /* main.m in Sources */,
				0CD978721856C4D000838DBF /* City.m in Sources */,
				0CD9786F1856C22100838DBF /* RKGeonamesUtils.m in Sources */,
				0CD978731856C4D000838DBF /* Timezone.m in Sources */,
				0CD978711856C4D000838DBF /* WorldBankIndicator.m in Sources */,
				0CD978761856C4D000838DBF /* DemographicData.m in Sources */,
				0CD978751856C4D000838DBF /* AdministrationData.m in Sources */,
				0CD978701856C4B700838DBF /* MappingProvider.m in Sources */,
			);
			runOnlyForDeploymentPostprocessing = 0;
		};
/* End PBXSourcesBuildPhase section */

/* Begin PBXVariantGroup section */
		0C4FA11217744BB800A48BA0 /* InfoPlist.strings */ = {
			isa = PBXVariantGroup;
			children = (
				0C4FA11317744BB800A48BA0 /* en */,
			);
			name = InfoPlist.strings;
			sourceTree = "<group>";
		};
		0C4FA12117744BB800A48BA0 /* MainStoryboard.storyboard */ = {
			isa = PBXVariantGroup;
			children = (
				0C4FA12217744BB800A48BA0 /* en */,
			);
			name = MainStoryboard.storyboard;
			sourceTree = "<group>";
		};
		0CD978441856BEBE00838DBF /* InfoPlist.strings */ = {
			isa = PBXVariantGroup;
			children = (
				0CD978451856BEBE00838DBF /* en */,
			);
			name = InfoPlist.strings;
			sourceTree = "<group>";
		};
/* End PBXVariantGroup section */

/* Begin XCBuildConfiguration section */
		0C4FA12717744BB800A48BA0 /* Debug */ = {
			isa = XCBuildConfiguration;
			buildSettings = {
				ALWAYS_SEARCH_USER_PATHS = NO;
				ARCHS = "$(ARCHS_STANDARD_INCLUDING_64_BIT)";
				CLANG_CXX_LANGUAGE_STANDARD = "gnu++0x";
				CLANG_CXX_LIBRARY = "libc++";
				CLANG_ENABLE_OBJC_ARC = YES;
				CLANG_WARN_CONSTANT_CONVERSION = YES;
				CLANG_WARN_EMPTY_BODY = YES;
				CLANG_WARN_ENUM_CONVERSION = YES;
				CLANG_WARN_INT_CONVERSION = YES;
				CLANG_WARN__DUPLICATE_METHOD_MATCH = YES;
				"CODE_SIGN_IDENTITY[sdk=iphoneos*]" = "iPhone Developer";
				COPY_PHASE_STRIP = NO;
				GCC_C_LANGUAGE_STANDARD = gnu99;
				GCC_DYNAMIC_NO_PIC = NO;
				GCC_OPTIMIZATION_LEVEL = 0;
				GCC_PREPROCESSOR_DEFINITIONS = (
					"DEBUG=1",
					"$(inherited)",
				);
				GCC_SYMBOLS_PRIVATE_EXTERN = NO;
				GCC_WARN_ABOUT_RETURN_TYPE = YES;
				GCC_WARN_UNINITIALIZED_AUTOS = YES;
				GCC_WARN_UNUSED_VARIABLE = YES;
				IPHONEOS_DEPLOYMENT_TARGET = 7.0;
				ONLY_ACTIVE_ARCH = YES;
				SDKROOT = iphoneos;
			};
			name = Debug;
		};
		0C4FA12817744BB800A48BA0 /* Release */ = {
			isa = XCBuildConfiguration;
			buildSettings = {
				ALWAYS_SEARCH_USER_PATHS = NO;
				ARCHS = "$(ARCHS_STANDARD_INCLUDING_64_BIT)";
				CLANG_CXX_LANGUAGE_STANDARD = "gnu++0x";
				CLANG_CXX_LIBRARY = "libc++";
				CLANG_ENABLE_OBJC_ARC = YES;
				CLANG_WARN_CONSTANT_CONVERSION = YES;
				CLANG_WARN_EMPTY_BODY = YES;
				CLANG_WARN_ENUM_CONVERSION = YES;
				CLANG_WARN_INT_CONVERSION = YES;
				CLANG_WARN__DUPLICATE_METHOD_MATCH = YES;
				"CODE_SIGN_IDENTITY[sdk=iphoneos*]" = "iPhone Developer";
				COPY_PHASE_STRIP = YES;
				GCC_C_LANGUAGE_STANDARD = gnu99;
				GCC_WARN_ABOUT_RETURN_TYPE = YES;
				GCC_WARN_UNINITIALIZED_AUTOS = YES;
				GCC_WARN_UNUSED_VARIABLE = YES;
				IPHONEOS_DEPLOYMENT_TARGET = 7.0;
				ONLY_ACTIVE_ARCH = YES;
				OTHER_CFLAGS = "-DNS_BLOCK_ASSERTIONS=1";
				SDKROOT = iphoneos;
				VALIDATE_PRODUCT = YES;
			};
			name = Release;
		};
		0C4FA12A17744BB800A48BA0 /* Debug */ = {
			isa = XCBuildConfiguration;
			baseConfigurationReference = B487009349BE4E35B272E03C /* Pods.xcconfig */;
			buildSettings = {
				GCC_PRECOMPILE_PREFIX_HEADER = YES;
				GCC_PREFIX_HEADER = "RKGeonames/RKGeonames-Prefix.pch";
				INFOPLIST_FILE = "RKGeonames/RKGeonames-Info.plist";
				PRODUCT_NAME = "$(TARGET_NAME)";
				WRAPPER_EXTENSION = app;
			};
			name = Debug;
		};
		0C4FA12B17744BB800A48BA0 /* Release */ = {
			isa = XCBuildConfiguration;
			baseConfigurationReference = B487009349BE4E35B272E03C /* Pods.xcconfig */;
			buildSettings = {
				GCC_PRECOMPILE_PREFIX_HEADER = YES;
				GCC_PREFIX_HEADER = "RKGeonames/RKGeonames-Prefix.pch";
				INFOPLIST_FILE = "RKGeonames/RKGeonames-Info.plist";
				ONLY_ACTIVE_ARCH = YES;
				PRODUCT_NAME = "$(TARGET_NAME)";
				WRAPPER_EXTENSION = app;
			};
			name = Release;
		};
		0CD978621856BEBF00838DBF /* Debug */ = {
			isa = XCBuildConfiguration;
			baseConfigurationReference = B487009349BE4E35B272E03C /* Pods.xcconfig */;
			buildSettings = {
				ARCHS = "$(ARCHS_STANDARD_INCLUDING_64_BIT)";
				ASSETCATALOG_COMPILER_APPICON_NAME = AppIcon;
				ASSETCATALOG_COMPILER_LAUNCHIMAGE_NAME = LaunchImage;
				CLANG_ENABLE_MODULES = YES;
				CLANG_WARN_BOOL_CONVERSION = YES;
				CLANG_WARN_DIRECT_OBJC_ISA_USAGE = YES_ERROR;
				CLANG_WARN_OBJC_ROOT_CLASS = YES_ERROR;
				GCC_PRECOMPILE_PREFIX_HEADER = YES;
				GCC_PREFIX_HEADER = "RKGeonamesTests/RKGeonamesTests-Prefix.pch";
				GCC_PREPROCESSOR_DEFINITIONS = (
					"DEBUG=1",
					"$(inherited)",
				);
				GCC_WARN_64_TO_32_BIT_CONVERSION = YES;
				GCC_WARN_ABOUT_RETURN_TYPE = YES_ERROR;
				GCC_WARN_UNDECLARED_SELECTOR = YES;
				GCC_WARN_UNUSED_FUNCTION = YES;
				INFOPLIST_FILE = "RKGeonamesTests/RKGeonamesTests-Info.plist";
				PRODUCT_NAME = "$(TARGET_NAME)";
				WRAPPER_EXTENSION = app;
			};
			name = Debug;
		};
		0CD978631856BEBF00838DBF /* Release */ = {
			isa = XCBuildConfiguration;
			buildSettings = {
				ARCHS = "$(ARCHS_STANDARD_INCLUDING_64_BIT)";
				ASSETCATALOG_COMPILER_APPICON_NAME = AppIcon;
				ASSETCATALOG_COMPILER_LAUNCHIMAGE_NAME = LaunchImage;
				CLANG_ENABLE_MODULES = YES;
				CLANG_WARN_BOOL_CONVERSION = YES;
				CLANG_WARN_DIRECT_OBJC_ISA_USAGE = YES_ERROR;
				CLANG_WARN_OBJC_ROOT_CLASS = YES_ERROR;
				ENABLE_NS_ASSERTIONS = NO;
				GCC_PRECOMPILE_PREFIX_HEADER = YES;
				GCC_PREFIX_HEADER = "RKGeonamesTests/RKGeonamesTests-Prefix.pch";
				GCC_WARN_64_TO_32_BIT_CONVERSION = YES;
				GCC_WARN_ABOUT_RETURN_TYPE = YES_ERROR;
				GCC_WARN_UNDECLARED_SELECTOR = YES;
				GCC_WARN_UNUSED_FUNCTION = YES;
				INFOPLIST_FILE = "RKGeonamesTests/RKGeonamesTests-Info.plist";
				PRODUCT_NAME = "$(TARGET_NAME)";
				WRAPPER_EXTENSION = app;
			};
			name = Release;
		};
/* End XCBuildConfiguration section */

/* Begin XCConfigurationList section */
		0C4FA10117744BB800A48BA0 /* Build configuration list for PBXProject "RKGeonames" */ = {
			isa = XCConfigurationList;
			buildConfigurations = (
				0C4FA12717744BB800A48BA0 /* Debug */,
				0C4FA12817744BB800A48BA0 /* Release */,
			);
			defaultConfigurationIsVisible = 0;
			defaultConfigurationName = Release;
		};
		0C4FA12917744BB800A48BA0 /* Build configuration list for PBXNativeTarget "RKGeonames" */ = {
			isa = XCConfigurationList;
			buildConfigurations = (
				0C4FA12A17744BB800A48BA0 /* Debug */,
				0C4FA12B17744BB800A48BA0 /* Release */,
			);
			defaultConfigurationIsVisible = 0;
			defaultConfigurationName = Release;
		};
		0CD978661856BEBF00838DBF /* Build configuration list for PBXNativeTarget "RKGeonamesTests" */ = {
			isa = XCConfigurationList;
			buildConfigurations = (
				0CD978621856BEBF00838DBF /* Debug */,
				0CD978631856BEBF00838DBF /* Release */,
			);
			defaultConfigurationIsVisible = 0;
			defaultConfigurationName = Release;
		};
/* End XCConfigurationList section */

/* Begin XCVersionGroup section */
		0CE4BE331888D735008EB49A /* Model.xcdatamodeld */ = {
			isa = XCVersionGroup;
			children = (
				0CE4BE341888D735008EB49A /* Model.xcdatamodel */,
			);
			currentVersion = 0CE4BE341888D735008EB49A /* Model.xcdatamodel */;
			path = Model.xcdatamodeld;
			sourceTree = "<group>";
			versionGroupType = wrapper.xcdatamodel;
		};
/* End XCVersionGroup section */
	};
	rootObject = 0C4FA0FE17744BB800A48BA0 /* Project object */;
}
